// !$*UTF8*$!
{
	archiveVersion = 1;
	classes = {
	};
	objectVersion = 55;
	objects = {

/* Begin PBXBuildFile section */
		616BDB7C291A61DC0086FE06 /* AppDelegate.swift in Sources */ = {isa = PBXBuildFile; fileRef = 616BDB7B291A61DC0086FE06 /* AppDelegate.swift */; };
		616BDB7E291A61DC0086FE06 /* SceneDelegate.swift in Sources */ = {isa = PBXBuildFile; fileRef = 616BDB7D291A61DC0086FE06 /* SceneDelegate.swift */; };
		616BDB80291A61DC0086FE06 /* ViewController.swift in Sources */ = {isa = PBXBuildFile; fileRef = 616BDB7F291A61DC0086FE06 /* ViewController.swift */; };
		616BDB83291A61DC0086FE06 /* Main.storyboard in Resources */ = {isa = PBXBuildFile; fileRef = 616BDB81291A61DC0086FE06 /* Main.storyboard */; };
		616BDB85291A61DD0086FE06 /* Assets.xcassets in Resources */ = {isa = PBXBuildFile; fileRef = 616BDB84291A61DD0086FE06 /* Assets.xcassets */; };
		616BDB88291A61DD0086FE06 /* LaunchScreen.storyboard in Resources */ = {isa = PBXBuildFile; fileRef = 616BDB86291A61DD0086FE06 /* LaunchScreen.storyboard */; };
		61A6D6B2291AA56D00DCEDF8 /* MessageKit in Frameworks */ = {isa = PBXBuildFile; productRef = 61A6D6B1291AA56D00DCEDF8 /* MessageKit */; };
		61A6D6B5291AA9ED00DCEDF8 /* MessageKit in Frameworks */ = {isa = PBXBuildFile; productRef = 61A6D6B4291AA9ED00DCEDF8 /* MessageKit */; };
		61A6D6B7291AAB9400DCEDF8 /* GoogleService-Info.plist in Resources */ = {isa = PBXBuildFile; fileRef = 61A6D6B6291AAB9400DCEDF8 /* GoogleService-Info.plist */; };
/* End PBXBuildFile section */

/* Begin PBXFileReference section */
		616BDB78291A61DC0086FE06 /* zaloChat.app */ = {isa = PBXFileReference; explicitFileType = wrapper.application; includeInIndex = 0; path = zaloChat.app; sourceTree = BUILT_PRODUCTS_DIR; };
		616BDB7B291A61DC0086FE06 /* AppDelegate.swift */ = {isa = PBXFileReference; lastKnownFileType = sourcecode.swift; path = AppDelegate.swift; sourceTree = "<group>"; };
		616BDB7D291A61DC0086FE06 /* SceneDelegate.swift */ = {isa = PBXFileReference; lastKnownFileType = sourcecode.swift; path = SceneDelegate.swift; sourceTree = "<group>"; };
		616BDB7F291A61DC0086FE06 /* ViewController.swift */ = {isa = PBXFileReference; lastKnownFileType = sourcecode.swift; path = ViewController.swift; sourceTree = "<group>"; };
		616BDB82291A61DC0086FE06 /* Base */ = {isa = PBXFileReference; lastKnownFileType = file.storyboard; name = Base; path = Base.lproj/Main.storyboard; sourceTree = "<group>"; };
		616BDB84291A61DD0086FE06 /* Assets.xcassets */ = {isa = PBXFileReference; lastKnownFileType = folder.assetcatalog; path = Assets.xcassets; sourceTree = "<group>"; };
		616BDB87291A61DD0086FE06 /* Base */ = {isa = PBXFileReference; lastKnownFileType = file.storyboard; name = Base; path = Base.lproj/LaunchScreen.storyboard; sourceTree = "<group>"; };
		616BDB89291A61DD0086FE06 /* Info.plist */ = {isa = PBXFileReference; lastKnownFileType = text.plist.xml; path = Info.plist; sourceTree = "<group>"; };
		61A6D6B6291AAB9400DCEDF8 /* GoogleService-Info.plist */ = {isa = PBXFileReference; lastKnownFileType = text.plist; path = "GoogleService-Info.plist"; sourceTree = SOURCE_ROOT; };
/* End PBXFileReference section */

/* Begin PBXFrameworksBuildPhase section */
		616BDB75291A61DC0086FE06 /* Frameworks */ = {
			isa = PBXFrameworksBuildPhase;
			buildActionMask = 2147483647;
			files = (
				61A6D6B2291AA56D00DCEDF8 /* MessageKit in Frameworks */,
				61A6D6B5291AA9ED00DCEDF8 /* MessageKit in Frameworks */,
			);
			runOnlyForDeploymentPostprocessing = 0;
		};
/* End PBXFrameworksBuildPhase section */

/* Begin PBXGroup section */
		616BDB6F291A61DC0086FE06 = {
			isa = PBXGroup;
			children = (
				616BDB7A291A61DC0086FE06 /* zaloChat */,
				616BDB79291A61DC0086FE06 /* Products */,
			);
			sourceTree = "<group>";
		};
		616BDB79291A61DC0086FE06 /* Products */ = {
			isa = PBXGroup;
			children = (
				616BDB78291A61DC0086FE06 /* zaloChat.app */,
			);
			name = Products;
			sourceTree = "<group>";
		};
		616BDB7A291A61DC0086FE06 /* zaloChat */ = {
			isa = PBXGroup;
			children = (
				61A6D6B6291AAB9400DCEDF8 /* GoogleService-Info.plist */,
				616BDB7B291A61DC0086FE06 /* AppDelegate.swift */,
				616BDB7D291A61DC0086FE06 /* SceneDelegate.swift */,
				616BDB7F291A61DC0086FE06 /* ViewController.swift */,
				616BDB81291A61DC0086FE06 /* Main.storyboard */,
				616BDB84291A61DD0086FE06 /* Assets.xcassets */,
				616BDB86291A61DD0086FE06 /* LaunchScreen.storyboard */,
				616BDB89291A61DD0086FE06 /* Info.plist */,
			);
			path = zaloChat;
			sourceTree = "<group>";
		};
/* End PBXGroup section */

/* Begin PBXNativeTarget section */
		616BDB77291A61DC0086FE06 /* zaloChat */ = {
			isa = PBXNativeTarget;
			buildConfigurationList = 616BDB8C291A61DD0086FE06 /* Build configuration list for PBXNativeTarget "zaloChat" */;
			buildPhases = (
				616BDB74291A61DC0086FE06 /* Sources */,
				616BDB75291A61DC0086FE06 /* Frameworks */,
				616BDB76291A61DC0086FE06 /* Resources */,
			);
			buildRules = (
			);
			dependencies = (
			);
			name = zaloChat;
			packageProductDependencies = (
				61A6D6B1291AA56D00DCEDF8 /* MessageKit */,
				61A6D6B4291AA9ED00DCEDF8 /* MessageKit */,
			);
			productName = zaloChat;
			productReference = 616BDB78291A61DC0086FE06 /* zaloChat.app */;
			productType = "com.apple.product-type.application";
		};
/* End PBXNativeTarget section */

/* Begin PBXProject section */
		616BDB70291A61DC0086FE06 /* Project object */ = {
			isa = PBXProject;
			attributes = {
				BuildIndependentTargetsInParallel = 1;
				LastSwiftUpdateCheck = 1340;
				LastUpgradeCheck = 1340;
				TargetAttributes = {
					616BDB77291A61DC0086FE06 = {
						CreatedOnToolsVersion = 13.4.1;
					};
				};
			};
			buildConfigurationList = 616BDB73291A61DC0086FE06 /* Build configuration list for PBXProject "zaloChat" */;
			compatibilityVersion = "Xcode 13.0";
			developmentRegion = en;
			hasScannedForEncodings = 0;
			knownRegions = (
				en,
				Base,
			);
			mainGroup = 616BDB6F291A61DC0086FE06;
			packageReferences = (
				61A6D6B0291AA56D00DCEDF8 /* XCRemoteSwiftPackageReference "MessageKit" */,
			);
			productRefGroup = 616BDB79291A61DC0086FE06 /* Products */;
			projectDirPath = "";
			projectRoot = "";
			targets = (
				616BDB77291A61DC0086FE06 /* zaloChat */,
			);
		};
/* End PBXProject section */

/* Begin PBXResourcesBuildPhase section */
		616BDB76291A61DC0086FE06 /* Resources */ = {
			isa = PBXResourcesBuildPhase;
			buildActionMask = 2147483647;
			files = (
				616BDB88291A61DD0086FE06 /* LaunchScreen.storyboard in Resources */,
				61A6D6B7291AAB9400DCEDF8 /* GoogleService-Info.plist in Resources */,
				616BDB85291A61DD0086FE06 /* Assets.xcassets in Resources */,
				616BDB83291A61DC0086FE06 /* Main.storyboard in Resources */,
			);
			runOnlyForDeploymentPostprocessing = 0;
		};
/* End PBXResourcesBuildPhase section */

/* Begin PBXSourcesBuildPhase section */
		616BDB74291A61DC0086FE06 /* Sources */ = {
			isa = PBXSourcesBuildPhase;
			buildActionMask = 2147483647;
			files = (
				616BDB80291A61DC0086FE06 /* ViewController.swift in Sources */,
				616BDB7C291A61DC0086FE06 /* AppDelegate.swift in Sources */,
				616BDB7E291A61DC0086FE06 /* SceneDelegate.swift in Sources */,
			);
			runOnlyForDeploymentPostprocessing = 0;
		};
/* End PBXSourcesBuildPhase section */

/* Begin PBXVariantGroup section */
		616BDB81291A61DC0086FE06 /* Main.storyboard */ = {
			isa = PBXVariantGroup;
			children = (
				616BDB82291A61DC0086FE06 /* Base */,
			);
			name = Main.storyboard;
			sourceTree = "<group>";
		};
		616BDB86291A61DD0086FE06 /* LaunchScreen.storyboard */ = {
			isa = PBXVariantGroup;
			children = (
				616BDB87291A61DD0086FE06 /* Base */,
			);
			name = LaunchScreen.storyboard;
			sourceTree = "<group>";
		};
/* End PBXVariantGroup section */

/* Begin XCBuildConfiguration section */
		616BDB8A291A61DD0086FE06 /* Debug */ = {
			isa = XCBuildConfiguration;
			buildSettings = {
				ALWAYS_SEARCH_USER_PATHS = NO;
				CLANG_ANALYZER_NONNULL = YES;
				CLANG_ANALYZER_NUMBER_OBJECT_CONVERSION = YES_AGGRESSIVE;
				CLANG_CXX_LANGUAGE_STANDARD = "gnu++17";
				CLANG_ENABLE_MODULES = YES;
				CLANG_ENABLE_OBJC_ARC = YES;
				CLANG_ENABLE_OBJC_WEAK = YES;
				CLANG_WARN_BLOCK_CAPTURE_AUTORELEASING = YES;
				CLANG_WARN_BOOL_CONVERSION = YES;
				CLANG_WARN_COMMA = YES;
				CLANG_WARN_CONSTANT_CONVERSION = YES;
				CLANG_WARN_DEPRECATED_OBJC_IMPLEMENTATIONS = YES;
				CLANG_WARN_DIRECT_OBJC_ISA_USAGE = YES_ERROR;
				CLANG_WARN_DOCUMENTATION_COMMENTS = YES;
				CLANG_WARN_EMPTY_BODY = YES;
				CLANG_WARN_ENUM_CONVERSION = YES;
				CLANG_WARN_INFINITE_RECURSION = YES;
				CLANG_WARN_INT_CONVERSION = YES;
				CLANG_WARN_NON_LITERAL_NULL_CONVERSION = YES;
				CLANG_WARN_OBJC_IMPLICIT_RETAIN_SELF = YES;
				CLANG_WARN_OBJC_LITERAL_CONVERSION = YES;
				CLANG_WARN_OBJC_ROOT_CLASS = YES_ERROR;
				CLANG_WARN_QUOTED_INCLUDE_IN_FRAMEWORK_HEADER = YES;
				CLANG_WARN_RANGE_LOOP_ANALYSIS = YES;
				CLANG_WARN_STRICT_PROTOTYPES = YES;
				CLANG_WARN_SUSPICIOUS_MOVE = YES;
				CLANG_WARN_UNGUARDED_AVAILABILITY = YES_AGGRESSIVE;
				CLANG_WARN_UNREACHABLE_CODE = YES;
				CLANG_WARN__DUPLICATE_METHOD_MATCH = YES;
				COPY_PHASE_STRIP = NO;
				DEBUG_INFORMATION_FORMAT = dwarf;
				ENABLE_STRICT_OBJC_MSGSEND = YES;
				ENABLE_TESTABILITY = YES;
				GCC_C_LANGUAGE_STANDARD = gnu11;
				GCC_DYNAMIC_NO_PIC = NO;
				GCC_NO_COMMON_BLOCKS = YES;
				GCC_OPTIMIZATION_LEVEL = 0;
				GCC_PREPROCESSOR_DEFINITIONS = (
					"DEBUG=1",
					"$(inherited)",
				);
				GCC_WARN_64_TO_32_BIT_CONVERSION = YES;
				GCC_WARN_ABOUT_RETURN_TYPE = YES_ERROR;
				GCC_WARN_UNDECLARED_SELECTOR = YES;
				GCC_WARN_UNINITIALIZED_AUTOS = YES_AGGRESSIVE;
				GCC_WARN_UNUSED_FUNCTION = YES;
				GCC_WARN_UNUSED_VARIABLE = YES;
				IPHONEOS_DEPLOYMENT_TARGET = 15.5;
				MTL_ENABLE_DEBUG_INFO = INCLUDE_SOURCE;
				MTL_FAST_MATH = YES;
				ONLY_ACTIVE_ARCH = YES;
				SDKROOT = iphoneos;
				SWIFT_ACTIVE_COMPILATION_CONDITIONS = DEBUG;
				SWIFT_OPTIMIZATION_LEVEL = "-Onone";
			};
			name = Debug;
		};
		616BDB8B291A61DD0086FE06 /* Release */ = {
			isa = XCBuildConfiguration;
			buildSettings = {
				ALWAYS_SEARCH_USER_PATHS = NO;
				CLANG_ANALYZER_NONNULL = YES;
				CLANG_ANALYZER_NUMBER_OBJECT_CONVERSION = YES_AGGRESSIVE;
				CLANG_CXX_LANGUAGE_STANDARD = "gnu++17";
				CLANG_ENABLE_MODULES = YES;
				CLANG_ENABLE_OBJC_ARC = YES;
				CLANG_ENABLE_OBJC_WEAK = YES;
				CLANG_WARN_BLOCK_CAPTURE_AUTORELEASING = YES;
				CLANG_WARN_BOOL_CONVERSION = YES;
				CLANG_WARN_COMMA = YES;
				CLANG_WARN_CONSTANT_CONVERSION = YES;
				CLANG_WARN_DEPRECATED_OBJC_IMPLEMENTATIONS = YES;
				CLANG_WARN_DIRECT_OBJC_ISA_USAGE = YES_ERROR;
				CLANG_WARN_DOCUMENTATION_COMMENTS = YES;
				CLANG_WARN_EMPTY_BODY = YES;
				CLANG_WARN_ENUM_CONVERSION = YES;
				CLANG_WARN_INFINITE_RECURSION = YES;
				CLANG_WARN_INT_CONVERSION = YES;
				CLANG_WARN_NON_LITERAL_NULL_CONVERSION = YES;
				CLANG_WARN_OBJC_IMPLICIT_RETAIN_SELF = YES;
				CLANG_WARN_OBJC_LITERAL_CONVERSION = YES;
				CLANG_WARN_OBJC_ROOT_CLASS = YES_ERROR;
				CLANG_WARN_QUOTED_INCLUDE_IN_FRAMEWORK_HEADER = YES;
				CLANG_WARN_RANGE_LOOP_ANALYSIS = YES;
				CLANG_WARN_STRICT_PROTOTYPES = YES;
				CLANG_WARN_SUSPICIOUS_MOVE = YES;
				CLANG_WARN_UNGUARDED_AVAILABILITY = YES_AGGRESSIVE;
				CLANG_WARN_UNREACHABLE_CODE = YES;
				CLANG_WARN__DUPLICATE_METHOD_MATCH = YES;
				COPY_PHASE_STRIP = NO;
				DEBUG_INFORMATION_FORMAT = "dwarf-with-dsym";
				ENABLE_NS_ASSERTIONS = NO;
				ENABLE_STRICT_OBJC_MSGSEND = YES;
				GCC_C_LANGUAGE_STANDARD = gnu11;
				GCC_NO_COMMON_BLOCKS = YES;
				GCC_WARN_64_TO_32_BIT_CONVERSION = YES;
				GCC_WARN_ABOUT_RETURN_TYPE = YES_ERROR;
				GCC_WARN_UNDECLARED_SELECTOR = YES;
				GCC_WARN_UNINITIALIZED_AUTOS = YES_AGGRESSIVE;
				GCC_WARN_UNUSED_FUNCTION = YES;
				GCC_WARN_UNUSED_VARIABLE = YES;
				IPHONEOS_DEPLOYMENT_TARGET = 15.5;
				MTL_ENABLE_DEBUG_INFO = NO;
				MTL_FAST_MATH = YES;
				SDKROOT = iphoneos;
				SWIFT_COMPILATION_MODE = wholemodule;
				SWIFT_OPTIMIZATION_LEVEL = "-O";
				VALIDATE_PRODUCT = YES;
			};
			name = Release;
		};
		616BDB8D291A61DD0086FE06 /* Debug */ = {
			isa = XCBuildConfiguration;
			buildSettings = {
				ASSETCATALOG_COMPILER_APPICON_NAME = AppIcon;
				ASSETCATALOG_COMPILER_GLOBAL_ACCENT_COLOR_NAME = AccentColor;
				CODE_SIGN_STYLE = Automatic;
				CURRENT_PROJECT_VERSION = 1;
				DEVELOPMENT_TEAM = J6UYXFH569;
				GENERATE_INFOPLIST_FILE = YES;
				INFOPLIST_FILE = zaloChat/Info.plist;
				INFOPLIST_KEY_UIApplicationSupportsIndirectInputEvents = YES;
				INFOPLIST_KEY_UILaunchStoryboardName = LaunchScreen;
				INFOPLIST_KEY_UIMainStoryboardFile = Main;
				INFOPLIST_KEY_UISupportedInterfaceOrientations_iPad = "UIInterfaceOrientationPortrait UIInterfaceOrientationPortraitUpsideDown UIInterfaceOrientationLandscapeLeft UIInterfaceOrientationLandscapeRight";
				INFOPLIST_KEY_UISupportedInterfaceOrientations_iPhone = "UIInterfaceOrientationPortrait UIInterfaceOrientationLandscapeLeft UIInterfaceOrientationLandscapeRight";
				LD_RUNPATH_SEARCH_PATHS = (
					"$(inherited)",
					"@executable_path/Frameworks",
				);
				MARKETING_VERSION = 1.0;
				PRODUCT_BUNDLE_IDENTIFIER = com.phuongttt.zaloChat;
				PRODUCT_NAME = "$(TARGET_NAME)";
				SWIFT_EMIT_LOC_STRINGS = YES;
				SWIFT_VERSION = 5.0;
				TARGETED_DEVICE_FAMILY = "1,2";
			};
			name = Debug;
		};
		616BDB8E291A61DD0086FE06 /* Release */ = {
			isa = XCBuildConfiguration;
			buildSettings = {
				ASSETCATALOG_COMPILER_APPICON_NAME = AppIcon;
				ASSETCATALOG_COMPILER_GLOBAL_ACCENT_COLOR_NAME = AccentColor;
				CODE_SIGN_STYLE = Automatic;
				CURRENT_PROJECT_VERSION = 1;
				DEVELOPMENT_TEAM = J6UYXFH569;
				GENERATE_INFOPLIST_FILE = YES;
				INFOPLIST_FILE = zaloChat/Info.plist;
				INFOPLIST_KEY_UIApplicationSupportsIndirectInputEvents = YES;
				INFOPLIST_KEY_UILaunchStoryboardName = LaunchScreen;
				INFOPLIST_KEY_UIMainStoryboardFile = Main;
				INFOPLIST_KEY_UISupportedInterfaceOrientations_iPad = "UIInterfaceOrientationPortrait UIInterfaceOrientationPortraitUpsideDown UIInterfaceOrientationLandscapeLeft UIInterfaceOrientationLandscapeRight";
				INFOPLIST_KEY_UISupportedInterfaceOrientations_iPhone = "UIInterfaceOrientationPortrait UIInterfaceOrientationLandscapeLeft UIInterfaceOrientationLandscapeRight";
				LD_RUNPATH_SEARCH_PATHS = (
					"$(inherited)",
					"@executable_path/Frameworks",
				);
				MARKETING_VERSION = 1.0;
				PRODUCT_BUNDLE_IDENTIFIER = com.phuongttt.zaloChat;
				PRODUCT_NAME = "$(TARGET_NAME)";
				SWIFT_EMIT_LOC_STRINGS = YES;
				SWIFT_VERSION = 5.0;
				TARGETED_DEVICE_FAMILY = "1,2";
			};
			name = Release;
		};
/* End XCBuildConfiguration section */

/* Begin XCConfigurationList section */
		616BDB73291A61DC0086FE06 /* Build configuration list for PBXProject "zaloChat" */ = {
			isa = XCConfigurationList;
			buildConfigurations = (
				616BDB8A291A61DD0086FE06 /* Debug */,
				616BDB8B291A61DD0086FE06 /* Release */,
			);
			defaultConfigurationIsVisible = 0;
			defaultConfigurationName = Release;
		};
		616BDB8C291A61DD0086FE06 /* Build configuration list for PBXNativeTarget "zaloChat" */ = {
			isa = XCConfigurationList;
			buildConfigurations = (
				616BDB8D291A61DD0086FE06 /* Debug */,
				616BDB8E291A61DD0086FE06 /* Release */,
			);
			defaultConfigurationIsVisible = 0;
			defaultConfigurationName = Release;
		};
/* End XCConfigurationList section */

/* Begin XCRemoteSwiftPackageReference section */
		61A6D6B0291AA56D00DCEDF8 /* XCRemoteSwiftPackageReference "MessageKit" */ = {
			isa = XCRemoteSwiftPackageReference;
			repositoryURL = "https://github.com/MessageKit/MessageKit";
			requirement = {
				branch = main;
				kind = branch;
			};
		};
/* End XCRemoteSwiftPackageReference section */

/* Begin XCSwiftPackageProductDependency section */
		61A6D6B1291AA56D00DCEDF8 /* MessageKit */ = {
			isa = XCSwiftPackageProductDependency;
			package = 61A6D6B0291AA56D00DCEDF8 /* XCRemoteSwiftPackageReference "MessageKit" */;
			productName = MessageKit;
		};
		61A6D6B4291AA9ED00DCEDF8 /* MessageKit */ = {
			isa = XCSwiftPackageProductDependency;
			package = 61A6D6B0291AA56D00DCEDF8 /* XCRemoteSwiftPackageReference "MessageKit" */;
			productName = MessageKit;
		};
/* End XCSwiftPackageProductDependency section */
	};
	rootObject = 616BDB70291A61DC0086FE06 /* Project object */;
}
