// !$*UTF8*$!
{
	archiveVersion = 1;
	classes = {
	};
	objectVersion = 55;
	objects = {

/* Begin PBXBuildFile section */
		617494F228DC0E6A008774FD /* CostViewController.swift in Sources */ = {isa = PBXBuildFile; fileRef = 617494F128DC0E6A008774FD /* CostViewController.swift */; };
		617494F428DC739E008774FD /* RatingViewController.swift in Sources */ = {isa = PBXBuildFile; fileRef = 617494F328DC739E008774FD /* RatingViewController.swift */; };
		617494F628DC8666008774FD /* ReviewResturentViewController.swift in Sources */ = {isa = PBXBuildFile; fileRef = 617494F528DC8666008774FD /* ReviewResturentViewController.swift */; };
		617494F828DC8745008774FD /* SideMenuViewController.swift in Sources */ = {isa = PBXBuildFile; fileRef = 617494F728DC8745008774FD /* SideMenuViewController.swift */; };
		6175A90E28DB02AD003AF735 /* ItemViewController.swift in Sources */ = {isa = PBXBuildFile; fileRef = 6175A90D28DB02AD003AF735 /* ItemViewController.swift */; };
		618D5AEE28E1AC8A001516CA /* CommentViewController.swift in Sources */ = {isa = PBXBuildFile; fileRef = 618D5AED28E1AC8A001516CA /* CommentViewController.swift */; };
		61C37AF328D31456009B5BF9 /* SignUp_InViewController.swift in Sources */ = {isa = PBXBuildFile; fileRef = 61C37AF228D31456009B5BF9 /* SignUp_InViewController.swift */; };
		61C37AF528D31529009B5BF9 /* WelcomeViewController.swift in Sources */ = {isa = PBXBuildFile; fileRef = 61C37AF428D31529009B5BF9 /* WelcomeViewController.swift */; };
		61C6537E28D1CA0C0052AACB /* AppDelegate.swift in Sources */ = {isa = PBXBuildFile; fileRef = 61C6537D28D1CA0C0052AACB /* AppDelegate.swift */; };
		61C6538028D1CA0C0052AACB /* SceneDelegate.swift in Sources */ = {isa = PBXBuildFile; fileRef = 61C6537F28D1CA0C0052AACB /* SceneDelegate.swift */; };
		61C6538228D1CA0C0052AACB /* ViewController.swift in Sources */ = {isa = PBXBuildFile; fileRef = 61C6538128D1CA0C0052AACB /* ViewController.swift */; };
		61C6538528D1CA0C0052AACB /* Main.storyboard in Resources */ = {isa = PBXBuildFile; fileRef = 61C6538328D1CA0C0052AACB /* Main.storyboard */; };
		61C6538728D1CA0D0052AACB /* Assets.xcassets in Resources */ = {isa = PBXBuildFile; fileRef = 61C6538628D1CA0D0052AACB /* Assets.xcassets */; };
		61C6538A28D1CA0D0052AACB /* LaunchScreen.storyboard in Resources */ = {isa = PBXBuildFile; fileRef = 61C6538828D1CA0D0052AACB /* LaunchScreen.storyboard */; };
		61D15C7228D45FBA00B1DF4B /* MenuViewController.swift in Sources */ = {isa = PBXBuildFile; fileRef = 61D15C7128D45FBA00B1DF4B /* MenuViewController.swift */; };
		61D15C7428D4771A00B1DF4B /* CategoryViewController.swift in Sources */ = {isa = PBXBuildFile; fileRef = 61D15C7328D4771A00B1DF4B /* CategoryViewController.swift */; };
		61D15C9628D4843C00B1DF4B /* FoodDetailViewController.swift in Sources */ = {isa = PBXBuildFile; fileRef = 61D15C9528D4843C00B1DF4B /* FoodDetailViewController.swift */; };
		61D15C9828D48E4600B1DF4B /* CartViewController.swift in Sources */ = {isa = PBXBuildFile; fileRef = 61D15C9728D48E4600B1DF4B /* CartViewController.swift */; };
		61D15C9C28D4A68F00B1DF4B /* AddNewAddressViewController.swift in Sources */ = {isa = PBXBuildFile; fileRef = 61D15C9B28D4A68F00B1DF4B /* AddNewAddressViewController.swift */; };
		61D24F4A28D37BF100FFB428 /* VefificationViewController.swift in Sources */ = {isa = PBXBuildFile; fileRef = 61D24F4928D37BF100FFB428 /* VefificationViewController.swift */; };
		61D24F4C28D3888B00FFB428 /* RessetPasswordViewController.swift in Sources */ = {isa = PBXBuildFile; fileRef = 61D24F4B28D3888B00FFB428 /* RessetPasswordViewController.swift */; };
		61D24F4E28D38EEF00FFB428 /* RegistrationViewController.swift in Sources */ = {isa = PBXBuildFile; fileRef = 61D24F4D28D38EEF00FFB428 /* RegistrationViewController.swift */; };
		61D24F5228D39AC200FFB428 /* ProfileViewController.swift in Sources */ = {isa = PBXBuildFile; fileRef = 61D24F5128D39AC200FFB428 /* ProfileViewController.swift */; };
		61F8481D28E2C1F5007DBFFA /* Alamofire in Frameworks */ = {isa = PBXBuildFile; productRef = 61F8481C28E2C1F5007DBFFA /* Alamofire */; };
		61F8482028E2C205007DBFFA /* Kingfisher in Frameworks */ = {isa = PBXBuildFile; productRef = 61F8481F28E2C205007DBFFA /* Kingfisher */; };
/* End PBXBuildFile section */

/* Begin PBXFileReference section */
		617494F128DC0E6A008774FD /* CostViewController.swift */ = {isa = PBXFileReference; lastKnownFileType = sourcecode.swift; path = CostViewController.swift; sourceTree = "<group>"; };
		617494F328DC739E008774FD /* RatingViewController.swift */ = {isa = PBXFileReference; lastKnownFileType = sourcecode.swift; path = RatingViewController.swift; sourceTree = "<group>"; };
		617494F528DC8666008774FD /* ReviewResturentViewController.swift */ = {isa = PBXFileReference; lastKnownFileType = sourcecode.swift; path = ReviewResturentViewController.swift; sourceTree = "<group>"; };
		617494F728DC8745008774FD /* SideMenuViewController.swift */ = {isa = PBXFileReference; lastKnownFileType = sourcecode.swift; path = SideMenuViewController.swift; sourceTree = "<group>"; };
		6175A90D28DB02AD003AF735 /* ItemViewController.swift */ = {isa = PBXFileReference; lastKnownFileType = sourcecode.swift; path = ItemViewController.swift; sourceTree = "<group>"; };
		618D5AED28E1AC8A001516CA /* CommentViewController.swift */ = {isa = PBXFileReference; lastKnownFileType = sourcecode.swift; path = CommentViewController.swift; sourceTree = "<group>"; };
		61C37AF228D31456009B5BF9 /* SignUp_InViewController.swift */ = {isa = PBXFileReference; lastKnownFileType = sourcecode.swift; path = SignUp_InViewController.swift; sourceTree = "<group>"; };
		61C37AF428D31529009B5BF9 /* WelcomeViewController.swift */ = {isa = PBXFileReference; lastKnownFileType = sourcecode.swift; path = WelcomeViewController.swift; sourceTree = "<group>"; };
		61C6537A28D1CA0C0052AACB /* FoodApp.app */ = {isa = PBXFileReference; explicitFileType = wrapper.application; includeInIndex = 0; path = FoodApp.app; sourceTree = BUILT_PRODUCTS_DIR; };
		61C6537D28D1CA0C0052AACB /* AppDelegate.swift */ = {isa = PBXFileReference; lastKnownFileType = sourcecode.swift; path = AppDelegate.swift; sourceTree = "<group>"; };
		61C6537F28D1CA0C0052AACB /* SceneDelegate.swift */ = {isa = PBXFileReference; lastKnownFileType = sourcecode.swift; path = SceneDelegate.swift; sourceTree = "<group>"; };
		61C6538128D1CA0C0052AACB /* ViewController.swift */ = {isa = PBXFileReference; lastKnownFileType = sourcecode.swift; path = ViewController.swift; sourceTree = "<group>"; };
		61C6538428D1CA0C0052AACB /* Base */ = {isa = PBXFileReference; lastKnownFileType = file.storyboard; name = Base; path = Base.lproj/Main.storyboard; sourceTree = "<group>"; };
		61C6538628D1CA0D0052AACB /* Assets.xcassets */ = {isa = PBXFileReference; lastKnownFileType = folder.assetcatalog; path = Assets.xcassets; sourceTree = "<group>"; };
		61C6538928D1CA0D0052AACB /* Base */ = {isa = PBXFileReference; lastKnownFileType = file.storyboard; name = Base; path = Base.lproj/LaunchScreen.storyboard; sourceTree = "<group>"; };
		61C6538B28D1CA0D0052AACB /* Info.plist */ = {isa = PBXFileReference; lastKnownFileType = text.plist.xml; path = Info.plist; sourceTree = "<group>"; };
		61D15C7128D45FBA00B1DF4B /* MenuViewController.swift */ = {isa = PBXFileReference; lastKnownFileType = sourcecode.swift; path = MenuViewController.swift; sourceTree = "<group>"; };
		61D15C7328D4771A00B1DF4B /* CategoryViewController.swift */ = {isa = PBXFileReference; lastKnownFileType = sourcecode.swift; path = CategoryViewController.swift; sourceTree = "<group>"; };
		61D15C9528D4843C00B1DF4B /* FoodDetailViewController.swift */ = {isa = PBXFileReference; lastKnownFileType = sourcecode.swift; path = FoodDetailViewController.swift; sourceTree = "<group>"; };
		61D15C9728D48E4600B1DF4B /* CartViewController.swift */ = {isa = PBXFileReference; lastKnownFileType = sourcecode.swift; path = CartViewController.swift; sourceTree = "<group>"; };
		61D15C9B28D4A68F00B1DF4B /* AddNewAddressViewController.swift */ = {isa = PBXFileReference; lastKnownFileType = sourcecode.swift; path = AddNewAddressViewController.swift; sourceTree = "<group>"; };
		61D24F4928D37BF100FFB428 /* VefificationViewController.swift */ = {isa = PBXFileReference; lastKnownFileType = sourcecode.swift; path = VefificationViewController.swift; sourceTree = "<group>"; };
		61D24F4B28D3888B00FFB428 /* RessetPasswordViewController.swift */ = {isa = PBXFileReference; lastKnownFileType = sourcecode.swift; path = RessetPasswordViewController.swift; sourceTree = "<group>"; };
		61D24F4D28D38EEF00FFB428 /* RegistrationViewController.swift */ = {isa = PBXFileReference; lastKnownFileType = sourcecode.swift; path = RegistrationViewController.swift; sourceTree = "<group>"; };
		61D24F5128D39AC200FFB428 /* ProfileViewController.swift */ = {isa = PBXFileReference; lastKnownFileType = sourcecode.swift; path = ProfileViewController.swift; sourceTree = "<group>"; };
/* End PBXFileReference section */

/* Begin PBXFrameworksBuildPhase section */
		61C6537728D1CA0C0052AACB /* Frameworks */ = {
			isa = PBXFrameworksBuildPhase;
			buildActionMask = 2147483647;
			files = (
				61F8482028E2C205007DBFFA /* Kingfisher in Frameworks */,
				61F8481D28E2C1F5007DBFFA /* Alamofire in Frameworks */,
			);
			runOnlyForDeploymentPostprocessing = 0;
		};
/* End PBXFrameworksBuildPhase section */

/* Begin PBXGroup section */
		61C6537128D1CA0C0052AACB = {
			isa = PBXGroup;
			children = (
				618D5AED28E1AC8A001516CA /* CommentViewController.swift */,
				617494F728DC8745008774FD /* SideMenuViewController.swift */,
				617494F528DC8666008774FD /* ReviewResturentViewController.swift */,
				617494F328DC739E008774FD /* RatingViewController.swift */,
				617494F128DC0E6A008774FD /* CostViewController.swift */,
				6175A90D28DB02AD003AF735 /* ItemViewController.swift */,
				61D15C9B28D4A68F00B1DF4B /* AddNewAddressViewController.swift */,
				61D15C9728D48E4600B1DF4B /* CartViewController.swift */,
				61D15C9528D4843C00B1DF4B /* FoodDetailViewController.swift */,
				61D15C7328D4771A00B1DF4B /* CategoryViewController.swift */,
				61D15C7128D45FBA00B1DF4B /* MenuViewController.swift */,
				61D24F5128D39AC200FFB428 /* ProfileViewController.swift */,
				61D24F4D28D38EEF00FFB428 /* RegistrationViewController.swift */,
				61D24F4B28D3888B00FFB428 /* RessetPasswordViewController.swift */,
				61D24F4928D37BF100FFB428 /* VefificationViewController.swift */,
				61C37AF428D31529009B5BF9 /* WelcomeViewController.swift */,
				61C37AF228D31456009B5BF9 /* SignUp_InViewController.swift */,
				61C6537C28D1CA0C0052AACB /* FoodApp */,
				61C6537B28D1CA0C0052AACB /* Products */,
			);
			sourceTree = "<group>";
		};
		61C6537B28D1CA0C0052AACB /* Products */ = {
			isa = PBXGroup;
			children = (
				61C6537A28D1CA0C0052AACB /* FoodApp.app */,
			);
			name = Products;
			sourceTree = "<group>";
		};
		61C6537C28D1CA0C0052AACB /* FoodApp */ = {
			isa = PBXGroup;
			children = (
				61C6537D28D1CA0C0052AACB /* AppDelegate.swift */,
				61C6537F28D1CA0C0052AACB /* SceneDelegate.swift */,
				61C6538128D1CA0C0052AACB /* ViewController.swift */,
				61C6538328D1CA0C0052AACB /* Main.storyboard */,
				61C6538628D1CA0D0052AACB /* Assets.xcassets */,
				61C6538828D1CA0D0052AACB /* LaunchScreen.storyboard */,
				61C6538B28D1CA0D0052AACB /* Info.plist */,
			);
			path = FoodApp;
			sourceTree = "<group>";
		};
/* End PBXGroup section */

/* Begin PBXNativeTarget section */
		61C6537928D1CA0C0052AACB /* FoodApp */ = {
			isa = PBXNativeTarget;
			buildConfigurationList = 61C6538E28D1CA0D0052AACB /* Build configuration list for PBXNativeTarget "FoodApp" */;
			buildPhases = (
				61C6537628D1CA0C0052AACB /* Sources */,
				61C6537728D1CA0C0052AACB /* Frameworks */,
				61C6537828D1CA0C0052AACB /* Resources */,
			);
			buildRules = (
			);
			dependencies = (
			);
			name = FoodApp;
			packageProductDependencies = (
				61F8481C28E2C1F5007DBFFA /* Alamofire */,
				61F8481F28E2C205007DBFFA /* Kingfisher */,
			);
			productName = FoodApp;
			productReference = 61C6537A28D1CA0C0052AACB /* FoodApp.app */;
			productType = "com.apple.product-type.application";
		};
/* End PBXNativeTarget section */

/* Begin PBXProject section */
		61C6537228D1CA0C0052AACB /* Project object */ = {
			isa = PBXProject;
			attributes = {
				BuildIndependentTargetsInParallel = 1;
				LastSwiftUpdateCheck = 1340;
				LastUpgradeCheck = 1340;
				TargetAttributes = {
					61C6537928D1CA0C0052AACB = {
						CreatedOnToolsVersion = 13.4.1;
					};
				};
			};
			buildConfigurationList = 61C6537528D1CA0C0052AACB /* Build configuration list for PBXProject "FoodApp" */;
			compatibilityVersion = "Xcode 13.0";
			developmentRegion = en;
			hasScannedForEncodings = 0;
			knownRegions = (
				en,
				Base,
			);
			mainGroup = 61C6537128D1CA0C0052AACB;
			packageReferences = (
				61F8481B28E2C1F5007DBFFA /* XCRemoteSwiftPackageReference "Alamofire" */,
				61F8481E28E2C205007DBFFA /* XCRemoteSwiftPackageReference "Kingfisher" */,
			);
			productRefGroup = 61C6537B28D1CA0C0052AACB /* Products */;
			projectDirPath = "";
			projectRoot = "";
			targets = (
				61C6537928D1CA0C0052AACB /* FoodApp */,
			);
		};
/* End PBXProject section */

/* Begin PBXResourcesBuildPhase section */
		61C6537828D1CA0C0052AACB /* Resources */ = {
			isa = PBXResourcesBuildPhase;
			buildActionMask = 2147483647;
			files = (
				61C6538A28D1CA0D0052AACB /* LaunchScreen.storyboard in Resources */,
				61C6538728D1CA0D0052AACB /* Assets.xcassets in Resources */,
				61C6538528D1CA0C0052AACB /* Main.storyboard in Resources */,
			);
			runOnlyForDeploymentPostprocessing = 0;
		};
/* End PBXResourcesBuildPhase section */

/* Begin PBXSourcesBuildPhase section */
		61C6537628D1CA0C0052AACB /* Sources */ = {
			isa = PBXSourcesBuildPhase;
			buildActionMask = 2147483647;
			files = (
				618D5AEE28E1AC8A001516CA /* CommentViewController.swift in Sources */,
				61D24F4A28D37BF100FFB428 /* VefificationViewController.swift in Sources */,
				61D15C7228D45FBA00B1DF4B /* MenuViewController.swift in Sources */,
				6175A90E28DB02AD003AF735 /* ItemViewController.swift in Sources */,
				61C6538228D1CA0C0052AACB /* ViewController.swift in Sources */,
				617494F428DC739E008774FD /* RatingViewController.swift in Sources */,
				61D15C9628D4843C00B1DF4B /* FoodDetailViewController.swift in Sources */,
				61D15C9C28D4A68F00B1DF4B /* AddNewAddressViewController.swift in Sources */,
				61D24F4E28D38EEF00FFB428 /* RegistrationViewController.swift in Sources */,
				61C37AF528D31529009B5BF9 /* WelcomeViewController.swift in Sources */,
				61D15C9828D48E4600B1DF4B /* CartViewController.swift in Sources */,
				61D24F4C28D3888B00FFB428 /* RessetPasswordViewController.swift in Sources */,
				61C6537E28D1CA0C0052AACB /* AppDelegate.swift in Sources */,
				617494F228DC0E6A008774FD /* CostViewController.swift in Sources */,
				61D24F5228D39AC200FFB428 /* ProfileViewController.swift in Sources */,
				61C6538028D1CA0C0052AACB /* SceneDelegate.swift in Sources */,
				617494F628DC8666008774FD /* ReviewResturentViewController.swift in Sources */,
				61D15C7428D4771A00B1DF4B /* CategoryViewController.swift in Sources */,
				617494F828DC8745008774FD /* SideMenuViewController.swift in Sources */,
				61C37AF328D31456009B5BF9 /* SignUp_InViewController.swift in Sources */,
			);
			runOnlyForDeploymentPostprocessing = 0;
		};
/* End PBXSourcesBuildPhase section */

/* Begin PBXVariantGroup section */
		61C6538328D1CA0C0052AACB /* Main.storyboard */ = {
			isa = PBXVariantGroup;
			children = (
				61C6538428D1CA0C0052AACB /* Base */,
			);
			name = Main.storyboard;
			sourceTree = "<group>";
		};
		61C6538828D1CA0D0052AACB /* LaunchScreen.storyboard */ = {
			isa = PBXVariantGroup;
			children = (
				61C6538928D1CA0D0052AACB /* Base */,
			);
			name = LaunchScreen.storyboard;
			sourceTree = "<group>";
		};
/* End PBXVariantGroup section */

/* Begin XCBuildConfiguration section */
		61C6538C28D1CA0D0052AACB /* Debug */ = {
			isa = XCBuildConfiguration;
			buildSettings = {
				ALWAYS_SEARCH_USER_PATHS = NO;
				CLANG_ANALYZER_NONNULL = YES;
				CLANG_ANALYZER_NUMBER_OBJECT_CONVERSION = YES_AGGRESSIVE;
				CLANG_CXX_LANGUAGE_STANDARD = "gnu++17";
				CLANG_ENABLE_MODULES = YES;
				CLANG_ENABLE_OBJC_ARC = YES;
				CLANG_ENABLE_OBJC_WEAK = YES;
				CLANG_WARN_BLOCK_CAPTURE_AUTORELEASING = YES;
				CLANG_WARN_BOOL_CONVERSION = YES;
				CLANG_WARN_COMMA = YES;
				CLANG_WARN_CONSTANT_CONVERSION = YES;
				CLANG_WARN_DEPRECATED_OBJC_IMPLEMENTATIONS = YES;
				CLANG_WARN_DIRECT_OBJC_ISA_USAGE = YES_ERROR;
				CLANG_WARN_DOCUMENTATION_COMMENTS = YES;
				CLANG_WARN_EMPTY_BODY = YES;
				CLANG_WARN_ENUM_CONVERSION = YES;
				CLANG_WARN_INFINITE_RECURSION = YES;
				CLANG_WARN_INT_CONVERSION = YES;
				CLANG_WARN_NON_LITERAL_NULL_CONVERSION = YES;
				CLANG_WARN_OBJC_IMPLICIT_RETAIN_SELF = YES;
				CLANG_WARN_OBJC_LITERAL_CONVERSION = YES;
				CLANG_WARN_OBJC_ROOT_CLASS = YES_ERROR;
				CLANG_WARN_QUOTED_INCLUDE_IN_FRAMEWORK_HEADER = YES;
				CLANG_WARN_RANGE_LOOP_ANALYSIS = YES;
				CLANG_WARN_STRICT_PROTOTYPES = YES;
				CLANG_WARN_SUSPICIOUS_MOVE = YES;
				CLANG_WARN_UNGUARDED_AVAILABILITY = YES_AGGRESSIVE;
				CLANG_WARN_UNREACHABLE_CODE = YES;
				CLANG_WARN__DUPLICATE_METHOD_MATCH = YES;
				COPY_PHASE_STRIP = NO;
				DEBUG_INFORMATION_FORMAT = dwarf;
				ENABLE_STRICT_OBJC_MSGSEND = YES;
				ENABLE_TESTABILITY = YES;
				GCC_C_LANGUAGE_STANDARD = gnu11;
				GCC_DYNAMIC_NO_PIC = NO;
				GCC_NO_COMMON_BLOCKS = YES;
				GCC_OPTIMIZATION_LEVEL = 0;
				GCC_PREPROCESSOR_DEFINITIONS = (
					"DEBUG=1",
					"$(inherited)",
				);
				GCC_WARN_64_TO_32_BIT_CONVERSION = YES;
				GCC_WARN_ABOUT_RETURN_TYPE = YES_ERROR;
				GCC_WARN_UNDECLARED_SELECTOR = YES;
				GCC_WARN_UNINITIALIZED_AUTOS = YES_AGGRESSIVE;
				GCC_WARN_UNUSED_FUNCTION = YES;
				GCC_WARN_UNUSED_VARIABLE = YES;
				IPHONEOS_DEPLOYMENT_TARGET = 15.5;
				MTL_ENABLE_DEBUG_INFO = INCLUDE_SOURCE;
				MTL_FAST_MATH = YES;
				ONLY_ACTIVE_ARCH = YES;
				SDKROOT = iphoneos;
				SWIFT_ACTIVE_COMPILATION_CONDITIONS = DEBUG;
				SWIFT_OPTIMIZATION_LEVEL = "-Onone";
			};
			name = Debug;
		};
		61C6538D28D1CA0D0052AACB /* Release */ = {
			isa = XCBuildConfiguration;
			buildSettings = {
				ALWAYS_SEARCH_USER_PATHS = NO;
				CLANG_ANALYZER_NONNULL = YES;
				CLANG_ANALYZER_NUMBER_OBJECT_CONVERSION = YES_AGGRESSIVE;
				CLANG_CXX_LANGUAGE_STANDARD = "gnu++17";
				CLANG_ENABLE_MODULES = YES;
				CLANG_ENABLE_OBJC_ARC = YES;
				CLANG_ENABLE_OBJC_WEAK = YES;
				CLANG_WARN_BLOCK_CAPTURE_AUTORELEASING = YES;
				CLANG_WARN_BOOL_CONVERSION = YES;
				CLANG_WARN_COMMA = YES;
				CLANG_WARN_CONSTANT_CONVERSION = YES;
				CLANG_WARN_DEPRECATED_OBJC_IMPLEMENTATIONS = YES;
				CLANG_WARN_DIRECT_OBJC_ISA_USAGE = YES_ERROR;
				CLANG_WARN_DOCUMENTATION_COMMENTS = YES;
				CLANG_WARN_EMPTY_BODY = YES;
				CLANG_WARN_ENUM_CONVERSION = YES;
				CLANG_WARN_INFINITE_RECURSION = YES;
				CLANG_WARN_INT_CONVERSION = YES;
				CLANG_WARN_NON_LITERAL_NULL_CONVERSION = YES;
				CLANG_WARN_OBJC_IMPLICIT_RETAIN_SELF = YES;
				CLANG_WARN_OBJC_LITERAL_CONVERSION = YES;
				CLANG_WARN_OBJC_ROOT_CLASS = YES_ERROR;
				CLANG_WARN_QUOTED_INCLUDE_IN_FRAMEWORK_HEADER = YES;
				CLANG_WARN_RANGE_LOOP_ANALYSIS = YES;
				CLANG_WARN_STRICT_PROTOTYPES = YES;
				CLANG_WARN_SUSPICIOUS_MOVE = YES;
				CLANG_WARN_UNGUARDED_AVAILABILITY = YES_AGGRESSIVE;
				CLANG_WARN_UNREACHABLE_CODE = YES;
				CLANG_WARN__DUPLICATE_METHOD_MATCH = YES;
				COPY_PHASE_STRIP = NO;
				DEBUG_INFORMATION_FORMAT = "dwarf-with-dsym";
				ENABLE_NS_ASSERTIONS = NO;
				ENABLE_STRICT_OBJC_MSGSEND = YES;
				GCC_C_LANGUAGE_STANDARD = gnu11;
				GCC_NO_COMMON_BLOCKS = YES;
				GCC_WARN_64_TO_32_BIT_CONVERSION = YES;
				GCC_WARN_ABOUT_RETURN_TYPE = YES_ERROR;
				GCC_WARN_UNDECLARED_SELECTOR = YES;
				GCC_WARN_UNINITIALIZED_AUTOS = YES_AGGRESSIVE;
				GCC_WARN_UNUSED_FUNCTION = YES;
				GCC_WARN_UNUSED_VARIABLE = YES;
				IPHONEOS_DEPLOYMENT_TARGET = 15.5;
				MTL_ENABLE_DEBUG_INFO = NO;
				MTL_FAST_MATH = YES;
				SDKROOT = iphoneos;
				SWIFT_COMPILATION_MODE = wholemodule;
				SWIFT_OPTIMIZATION_LEVEL = "-O";
				VALIDATE_PRODUCT = YES;
			};
			name = Release;
		};
		61C6538F28D1CA0D0052AACB /* Debug */ = {
			isa = XCBuildConfiguration;
			buildSettings = {
				ASSETCATALOG_COMPILER_APPICON_NAME = AppIcon;
				ASSETCATALOG_COMPILER_GLOBAL_ACCENT_COLOR_NAME = AccentColor;
				CODE_SIGN_IDENTITY = "Apple Development";
				CODE_SIGN_STYLE = Automatic;
				CURRENT_PROJECT_VERSION = 1;
				DEVELOPMENT_TEAM = J6UYXFH569;
				GENERATE_INFOPLIST_FILE = YES;
				INFOPLIST_FILE = FoodApp/Info.plist;
				INFOPLIST_KEY_UIApplicationSupportsIndirectInputEvents = YES;
				INFOPLIST_KEY_UILaunchStoryboardName = LaunchScreen;
				INFOPLIST_KEY_UIMainStoryboardFile = Main;
				INFOPLIST_KEY_UISupportedInterfaceOrientations_iPad = "UIInterfaceOrientationPortrait UIInterfaceOrientationPortraitUpsideDown UIInterfaceOrientationLandscapeLeft UIInterfaceOrientationLandscapeRight";
				INFOPLIST_KEY_UISupportedInterfaceOrientations_iPhone = "UIInterfaceOrientationPortrait UIInterfaceOrientationLandscapeLeft UIInterfaceOrientationLandscapeRight";
				LD_RUNPATH_SEARCH_PATHS = (
					"$(inherited)",
					"@executable_path/Frameworks",
				);
				MARKETING_VERSION = 1.0;
				PRODUCT_BUNDLE_IDENTIFIER = ttt.phuong.FoodApp;
				PRODUCT_NAME = "$(TARGET_NAME)";
				PROVISIONING_PROFILE_SPECIFIER = "";
				SWIFT_EMIT_LOC_STRINGS = YES;
				SWIFT_VERSION = 5.0;
				TARGETED_DEVICE_FAMILY = "1,2";
			};
			name = Debug;
		};
		61C6539028D1CA0D0052AACB /* Release */ = {
			isa = XCBuildConfiguration;
			buildSettings = {
				ASSETCATALOG_COMPILER_APPICON_NAME = AppIcon;
				ASSETCATALOG_COMPILER_GLOBAL_ACCENT_COLOR_NAME = AccentColor;
				CODE_SIGN_IDENTITY = "Apple Development";
				CODE_SIGN_STYLE = Automatic;
				CURRENT_PROJECT_VERSION = 1;
				DEVELOPMENT_TEAM = J6UYXFH569;
				GENERATE_INFOPLIST_FILE = YES;
				INFOPLIST_FILE = FoodApp/Info.plist;
				INFOPLIST_KEY_UIApplicationSupportsIndirectInputEvents = YES;
				INFOPLIST_KEY_UILaunchStoryboardName = LaunchScreen;
				INFOPLIST_KEY_UIMainStoryboardFile = Main;
				INFOPLIST_KEY_UISupportedInterfaceOrientations_iPad = "UIInterfaceOrientationPortrait UIInterfaceOrientationPortraitUpsideDown UIInterfaceOrientationLandscapeLeft UIInterfaceOrientationLandscapeRight";
				INFOPLIST_KEY_UISupportedInterfaceOrientations_iPhone = "UIInterfaceOrientationPortrait UIInterfaceOrientationLandscapeLeft UIInterfaceOrientationLandscapeRight";
				LD_RUNPATH_SEARCH_PATHS = (
					"$(inherited)",
					"@executable_path/Frameworks",
				);
				MARKETING_VERSION = 1.0;
				PRODUCT_BUNDLE_IDENTIFIER = ttt.phuong.FoodApp;
				PRODUCT_NAME = "$(TARGET_NAME)";
				PROVISIONING_PROFILE_SPECIFIER = "";
				SWIFT_EMIT_LOC_STRINGS = YES;
				SWIFT_VERSION = 5.0;
				TARGETED_DEVICE_FAMILY = "1,2";
			};
			name = Release;
		};
/* End XCBuildConfiguration section */

/* Begin XCConfigurationList section */
		61C6537528D1CA0C0052AACB /* Build configuration list for PBXProject "FoodApp" */ = {
			isa = XCConfigurationList;
			buildConfigurations = (
				61C6538C28D1CA0D0052AACB /* Debug */,
				61C6538D28D1CA0D0052AACB /* Release */,
			);
			defaultConfigurationIsVisible = 0;
			defaultConfigurationName = Release;
		};
		61C6538E28D1CA0D0052AACB /* Build configuration list for PBXNativeTarget "FoodApp" */ = {
			isa = XCConfigurationList;
			buildConfigurations = (
				61C6538F28D1CA0D0052AACB /* Debug */,
				61C6539028D1CA0D0052AACB /* Release */,
			);
			defaultConfigurationIsVisible = 0;
			defaultConfigurationName = Release;
		};
/* End XCConfigurationList section */

/* Begin XCRemoteSwiftPackageReference section */
		61F8481B28E2C1F5007DBFFA /* XCRemoteSwiftPackageReference "Alamofire" */ = {
			isa = XCRemoteSwiftPackageReference;
			repositoryURL = "https://github.com/Alamofire/Alamofire.git";
			requirement = {
				branch = master;
				kind = branch;
			};
		};
		61F8481E28E2C205007DBFFA /* XCRemoteSwiftPackageReference "Kingfisher" */ = {
			isa = XCRemoteSwiftPackageReference;
			repositoryURL = "https://github.com/onevcat/Kingfisher.git";
			requirement = {
				branch = master;
				kind = branch;
			};
		};
/* End XCRemoteSwiftPackageReference section */

/* Begin XCSwiftPackageProductDependency section */
		61F8481C28E2C1F5007DBFFA /* Alamofire */ = {
			isa = XCSwiftPackageProductDependency;
			package = 61F8481B28E2C1F5007DBFFA /* XCRemoteSwiftPackageReference "Alamofire" */;
			productName = Alamofire;
		};
		61F8481F28E2C205007DBFFA /* Kingfisher */ = {
			isa = XCSwiftPackageProductDependency;
			package = 61F8481E28E2C205007DBFFA /* XCRemoteSwiftPackageReference "Kingfisher" */;
			productName = Kingfisher;
		};
/* End XCSwiftPackageProductDependency section */
	};
	rootObject = 61C6537228D1CA0C0052AACB /* Project object */;
}
