// !$*UTF8*$!
{
	archiveVersion = 1;
	classes = {
	};
	objectVersion = 55;
	objects = {

/* Begin PBXBuildFile section */
		5716639928DC50F100FB39E7 /* AppDelegate.swift in Sources */ = {isa = PBXBuildFile; fileRef = 5716639828DC50F100FB39E7 /* AppDelegate.swift */; };
		5716639B28DC50F100FB39E7 /* SceneDelegate.swift in Sources */ = {isa = PBXBuildFile; fileRef = 5716639A28DC50F100FB39E7 /* SceneDelegate.swift */; };
		5716639D28DC50F100FB39E7 /* ViewController.swift in Sources */ = {isa = PBXBuildFile; fileRef = 5716639C28DC50F100FB39E7 /* ViewController.swift */; };
		571663A028DC50F100FB39E7 /* Main.storyboard in Resources */ = {isa = PBXBuildFile; fileRef = 5716639E28DC50F100FB39E7 /* Main.storyboard */; };
		571663A228DC50F200FB39E7 /* Assets.xcassets in Resources */ = {isa = PBXBuildFile; fileRef = 571663A128DC50F200FB39E7 /* Assets.xcassets */; };
		571663A528DC50F200FB39E7 /* LaunchScreen.storyboard in Resources */ = {isa = PBXBuildFile; fileRef = 571663A328DC50F200FB39E7 /* LaunchScreen.storyboard */; };
		571663AE28DC513600FB39E7 /* Alamofire in Frameworks */ = {isa = PBXBuildFile; productRef = 571663AD28DC513600FB39E7 /* Alamofire */; };
		571663B128DC518E00FB39E7 /* FriendTableViewCell.swift in Sources */ = {isa = PBXBuildFile; fileRef = 571663AF28DC518E00FB39E7 /* FriendTableViewCell.swift */; };
		571663B228DC518E00FB39E7 /* FriendTableViewCell.xib in Resources */ = {isa = PBXBuildFile; fileRef = 571663B028DC518E00FB39E7 /* FriendTableViewCell.xib */; };
		571663B528DC547500FB39E7 /* FriendModel.swift in Sources */ = {isa = PBXBuildFile; fileRef = 571663B428DC547500FB39E7 /* FriendModel.swift */; };
		571663B928DC555600FB39E7 /* APIHandler.swift in Sources */ = {isa = PBXBuildFile; fileRef = 571663B828DC555600FB39E7 /* APIHandler.swift */; };
		571663BC28DC6A4800FB39E7 /* Kingfisher in Frameworks */ = {isa = PBXBuildFile; productRef = 571663BB28DC6A4800FB39E7 /* Kingfisher */; };
/* End PBXBuildFile section */

/* Begin PBXFileReference section */
		5716639528DC50F100FB39E7 /* DemoAPINetworkingWithAlamofire.app */ = {isa = PBXFileReference; explicitFileType = wrapper.application; includeInIndex = 0; path = DemoAPINetworkingWithAlamofire.app; sourceTree = BUILT_PRODUCTS_DIR; };
		5716639828DC50F100FB39E7 /* AppDelegate.swift */ = {isa = PBXFileReference; lastKnownFileType = sourcecode.swift; path = AppDelegate.swift; sourceTree = "<group>"; };
		5716639A28DC50F100FB39E7 /* SceneDelegate.swift */ = {isa = PBXFileReference; lastKnownFileType = sourcecode.swift; path = SceneDelegate.swift; sourceTree = "<group>"; };
		5716639C28DC50F100FB39E7 /* ViewController.swift */ = {isa = PBXFileReference; lastKnownFileType = sourcecode.swift; path = ViewController.swift; sourceTree = "<group>"; };
		5716639F28DC50F100FB39E7 /* Base */ = {isa = PBXFileReference; lastKnownFileType = file.storyboard; name = Base; path = Base.lproj/Main.storyboard; sourceTree = "<group>"; };
		571663A128DC50F200FB39E7 /* Assets.xcassets */ = {isa = PBXFileReference; lastKnownFileType = folder.assetcatalog; path = Assets.xcassets; sourceTree = "<group>"; };
		571663A428DC50F200FB39E7 /* Base */ = {isa = PBXFileReference; lastKnownFileType = file.storyboard; name = Base; path = Base.lproj/LaunchScreen.storyboard; sourceTree = "<group>"; };
		571663A628DC50F200FB39E7 /* Info.plist */ = {isa = PBXFileReference; lastKnownFileType = text.plist.xml; path = Info.plist; sourceTree = "<group>"; };
		571663AF28DC518E00FB39E7 /* FriendTableViewCell.swift */ = {isa = PBXFileReference; lastKnownFileType = sourcecode.swift; path = FriendTableViewCell.swift; sourceTree = "<group>"; };
		571663B028DC518E00FB39E7 /* FriendTableViewCell.xib */ = {isa = PBXFileReference; lastKnownFileType = file.xib; path = FriendTableViewCell.xib; sourceTree = "<group>"; };
		571663B428DC547500FB39E7 /* FriendModel.swift */ = {isa = PBXFileReference; lastKnownFileType = sourcecode.swift; path = FriendModel.swift; sourceTree = "<group>"; };
		571663B828DC555600FB39E7 /* APIHandler.swift */ = {isa = PBXFileReference; lastKnownFileType = sourcecode.swift; path = APIHandler.swift; sourceTree = "<group>"; };
/* End PBXFileReference section */

/* Begin PBXFrameworksBuildPhase section */
		5716639228DC50F100FB39E7 /* Frameworks */ = {
			isa = PBXFrameworksBuildPhase;
			buildActionMask = 2147483647;
			files = (
				571663BC28DC6A4800FB39E7 /* Kingfisher in Frameworks */,
				571663AE28DC513600FB39E7 /* Alamofire in Frameworks */,
			);
			runOnlyForDeploymentPostprocessing = 0;
		};
/* End PBXFrameworksBuildPhase section */

/* Begin PBXGroup section */
		5716638C28DC50F100FB39E7 = {
			isa = PBXGroup;
			children = (
				5716639728DC50F100FB39E7 /* DemoAPINetworkingWithAlamofire */,
				5716639628DC50F100FB39E7 /* Products */,
			);
			sourceTree = "<group>";
		};
		5716639628DC50F100FB39E7 /* Products */ = {
			isa = PBXGroup;
			children = (
				5716639528DC50F100FB39E7 /* DemoAPINetworkingWithAlamofire.app */,
			);
			name = Products;
			sourceTree = "<group>";
		};
		5716639728DC50F100FB39E7 /* DemoAPINetworkingWithAlamofire */ = {
			isa = PBXGroup;
			children = (
				571663B328DC52E900FB39E7 /* NetworkHandler */,
				5716639828DC50F100FB39E7 /* AppDelegate.swift */,
				5716639A28DC50F100FB39E7 /* SceneDelegate.swift */,
				5716639C28DC50F100FB39E7 /* ViewController.swift */,
				5716639E28DC50F100FB39E7 /* Main.storyboard */,
				571663A128DC50F200FB39E7 /* Assets.xcassets */,
				571663A328DC50F200FB39E7 /* LaunchScreen.storyboard */,
				571663A628DC50F200FB39E7 /* Info.plist */,
				571663AF28DC518E00FB39E7 /* FriendTableViewCell.swift */,
				571663B028DC518E00FB39E7 /* FriendTableViewCell.xib */,
			);
			path = DemoAPINetworkingWithAlamofire;
			sourceTree = "<group>";
		};
		571663B328DC52E900FB39E7 /* NetworkHandler */ = {
			isa = PBXGroup;
			children = (
				571663B428DC547500FB39E7 /* FriendModel.swift */,
				571663B828DC555600FB39E7 /* APIHandler.swift */,
			);
			path = NetworkHandler;
			sourceTree = "<group>";
		};
/* End PBXGroup section */

/* Begin PBXNativeTarget section */
		5716639428DC50F100FB39E7 /* DemoAPINetworkingWithAlamofire */ = {
			isa = PBXNativeTarget;
			buildConfigurationList = 571663A928DC50F200FB39E7 /* Build configuration list for PBXNativeTarget "DemoAPINetworkingWithAlamofire" */;
			buildPhases = (
				5716639128DC50F100FB39E7 /* Sources */,
				5716639228DC50F100FB39E7 /* Frameworks */,
				5716639328DC50F100FB39E7 /* Resources */,
			);
			buildRules = (
			);
			dependencies = (
			);
			name = DemoAPINetworkingWithAlamofire;
			packageProductDependencies = (
				571663AD28DC513600FB39E7 /* Alamofire */,
				571663BB28DC6A4800FB39E7 /* Kingfisher */,
			);
			productName = DemoAPINetworkingWithAlamofire;
			productReference = 5716639528DC50F100FB39E7 /* DemoAPINetworkingWithAlamofire.app */;
			productType = "com.apple.product-type.application";
		};
/* End PBXNativeTarget section */

/* Begin PBXProject section */
		5716638D28DC50F100FB39E7 /* Project object */ = {
			isa = PBXProject;
			attributes = {
				BuildIndependentTargetsInParallel = 1;
				LastSwiftUpdateCheck = 1320;
				LastUpgradeCheck = 1320;
				TargetAttributes = {
					5716639428DC50F100FB39E7 = {
						CreatedOnToolsVersion = 13.2.1;
					};
				};
			};
			buildConfigurationList = 5716639028DC50F100FB39E7 /* Build configuration list for PBXProject "DemoAPINetworkingWithAlamofire" */;
			compatibilityVersion = "Xcode 13.0";
			developmentRegion = en;
			hasScannedForEncodings = 0;
			knownRegions = (
				en,
				Base,
			);
			mainGroup = 5716638C28DC50F100FB39E7;
			packageReferences = (
				571663AC28DC513600FB39E7 /* XCRemoteSwiftPackageReference "Alamofire" */,
				571663BA28DC6A4800FB39E7 /* XCRemoteSwiftPackageReference "Kingfisher" */,
			);
			productRefGroup = 5716639628DC50F100FB39E7 /* Products */;
			projectDirPath = "";
			projectRoot = "";
			targets = (
				5716639428DC50F100FB39E7 /* DemoAPINetworkingWithAlamofire */,
			);
		};
/* End PBXProject section */

/* Begin PBXResourcesBuildPhase section */
		5716639328DC50F100FB39E7 /* Resources */ = {
			isa = PBXResourcesBuildPhase;
			buildActionMask = 2147483647;
			files = (
				571663A528DC50F200FB39E7 /* LaunchScreen.storyboard in Resources */,
				571663A228DC50F200FB39E7 /* Assets.xcassets in Resources */,
				571663A028DC50F100FB39E7 /* Main.storyboard in Resources */,
				571663B228DC518E00FB39E7 /* FriendTableViewCell.xib in Resources */,
			);
			runOnlyForDeploymentPostprocessing = 0;
		};
/* End PBXResourcesBuildPhase section */

/* Begin PBXSourcesBuildPhase section */
		5716639128DC50F100FB39E7 /* Sources */ = {
			isa = PBXSourcesBuildPhase;
			buildActionMask = 2147483647;
			files = (
				571663B528DC547500FB39E7 /* FriendModel.swift in Sources */,
				5716639D28DC50F100FB39E7 /* ViewController.swift in Sources */,
				5716639928DC50F100FB39E7 /* AppDelegate.swift in Sources */,
				571663B928DC555600FB39E7 /* APIHandler.swift in Sources */,
				5716639B28DC50F100FB39E7 /* SceneDelegate.swift in Sources */,
				571663B128DC518E00FB39E7 /* FriendTableViewCell.swift in Sources */,
			);
			runOnlyForDeploymentPostprocessing = 0;
		};
/* End PBXSourcesBuildPhase section */

/* Begin PBXVariantGroup section */
		5716639E28DC50F100FB39E7 /* Main.storyboard */ = {
			isa = PBXVariantGroup;
			children = (
				5716639F28DC50F100FB39E7 /* Base */,
			);
			name = Main.storyboard;
			sourceTree = "<group>";
		};
		571663A328DC50F200FB39E7 /* LaunchScreen.storyboard */ = {
			isa = PBXVariantGroup;
			children = (
				571663A428DC50F200FB39E7 /* Base */,
			);
			name = LaunchScreen.storyboard;
			sourceTree = "<group>";
		};
/* End PBXVariantGroup section */

/* Begin XCBuildConfiguration section */
		571663A728DC50F200FB39E7 /* Debug */ = {
			isa = XCBuildConfiguration;
			buildSettings = {
				ALWAYS_SEARCH_USER_PATHS = NO;
				CLANG_ANALYZER_NONNULL = YES;
				CLANG_ANALYZER_NUMBER_OBJECT_CONVERSION = YES_AGGRESSIVE;
				CLANG_CXX_LANGUAGE_STANDARD = "gnu++17";
				CLANG_CXX_LIBRARY = "libc++";
				CLANG_ENABLE_MODULES = YES;
				CLANG_ENABLE_OBJC_ARC = YES;
				CLANG_ENABLE_OBJC_WEAK = YES;
				CLANG_WARN_BLOCK_CAPTURE_AUTORELEASING = YES;
				CLANG_WARN_BOOL_CONVERSION = YES;
				CLANG_WARN_COMMA = YES;
				CLANG_WARN_CONSTANT_CONVERSION = YES;
				CLANG_WARN_DEPRECATED_OBJC_IMPLEMENTATIONS = YES;
				CLANG_WARN_DIRECT_OBJC_ISA_USAGE = YES_ERROR;
				CLANG_WARN_DOCUMENTATION_COMMENTS = YES;
				CLANG_WARN_EMPTY_BODY = YES;
				CLANG_WARN_ENUM_CONVERSION = YES;
				CLANG_WARN_INFINITE_RECURSION = YES;
				CLANG_WARN_INT_CONVERSION = YES;
				CLANG_WARN_NON_LITERAL_NULL_CONVERSION = YES;
				CLANG_WARN_OBJC_IMPLICIT_RETAIN_SELF = YES;
				CLANG_WARN_OBJC_LITERAL_CONVERSION = YES;
				CLANG_WARN_OBJC_ROOT_CLASS = YES_ERROR;
				CLANG_WARN_QUOTED_INCLUDE_IN_FRAMEWORK_HEADER = YES;
				CLANG_WARN_RANGE_LOOP_ANALYSIS = YES;
				CLANG_WARN_STRICT_PROTOTYPES = YES;
				CLANG_WARN_SUSPICIOUS_MOVE = YES;
				CLANG_WARN_UNGUARDED_AVAILABILITY = YES_AGGRESSIVE;
				CLANG_WARN_UNREACHABLE_CODE = YES;
				CLANG_WARN__DUPLICATE_METHOD_MATCH = YES;
				COPY_PHASE_STRIP = NO;
				DEBUG_INFORMATION_FORMAT = dwarf;
				ENABLE_STRICT_OBJC_MSGSEND = YES;
				ENABLE_TESTABILITY = YES;
				GCC_C_LANGUAGE_STANDARD = gnu11;
				GCC_DYNAMIC_NO_PIC = NO;
				GCC_NO_COMMON_BLOCKS = YES;
				GCC_OPTIMIZATION_LEVEL = 0;
				GCC_PREPROCESSOR_DEFINITIONS = (
					"DEBUG=1",
					"$(inherited)",
				);
				GCC_WARN_64_TO_32_BIT_CONVERSION = YES;
				GCC_WARN_ABOUT_RETURN_TYPE = YES_ERROR;
				GCC_WARN_UNDECLARED_SELECTOR = YES;
				GCC_WARN_UNINITIALIZED_AUTOS = YES_AGGRESSIVE;
				GCC_WARN_UNUSED_FUNCTION = YES;
				GCC_WARN_UNUSED_VARIABLE = YES;
				IPHONEOS_DEPLOYMENT_TARGET = 15.2;
				MTL_ENABLE_DEBUG_INFO = INCLUDE_SOURCE;
				MTL_FAST_MATH = YES;
				ONLY_ACTIVE_ARCH = YES;
				SDKROOT = iphoneos;
				SWIFT_ACTIVE_COMPILATION_CONDITIONS = DEBUG;
				SWIFT_OPTIMIZATION_LEVEL = "-Onone";
			};
			name = Debug;
		};
		571663A828DC50F200FB39E7 /* Release */ = {
			isa = XCBuildConfiguration;
			buildSettings = {
				ALWAYS_SEARCH_USER_PATHS = NO;
				CLANG_ANALYZER_NONNULL = YES;
				CLANG_ANALYZER_NUMBER_OBJECT_CONVERSION = YES_AGGRESSIVE;
				CLANG_CXX_LANGUAGE_STANDARD = "gnu++17";
				CLANG_CXX_LIBRARY = "libc++";
				CLANG_ENABLE_MODULES = YES;
				CLANG_ENABLE_OBJC_ARC = YES;
				CLANG_ENABLE_OBJC_WEAK = YES;
				CLANG_WARN_BLOCK_CAPTURE_AUTORELEASING = YES;
				CLANG_WARN_BOOL_CONVERSION = YES;
				CLANG_WARN_COMMA = YES;
				CLANG_WARN_CONSTANT_CONVERSION = YES;
				CLANG_WARN_DEPRECATED_OBJC_IMPLEMENTATIONS = YES;
				CLANG_WARN_DIRECT_OBJC_ISA_USAGE = YES_ERROR;
				CLANG_WARN_DOCUMENTATION_COMMENTS = YES;
				CLANG_WARN_EMPTY_BODY = YES;
				CLANG_WARN_ENUM_CONVERSION = YES;
				CLANG_WARN_INFINITE_RECURSION = YES;
				CLANG_WARN_INT_CONVERSION = YES;
				CLANG_WARN_NON_LITERAL_NULL_CONVERSION = YES;
				CLANG_WARN_OBJC_IMPLICIT_RETAIN_SELF = YES;
				CLANG_WARN_OBJC_LITERAL_CONVERSION = YES;
				CLANG_WARN_OBJC_ROOT_CLASS = YES_ERROR;
				CLANG_WARN_QUOTED_INCLUDE_IN_FRAMEWORK_HEADER = YES;
				CLANG_WARN_RANGE_LOOP_ANALYSIS = YES;
				CLANG_WARN_STRICT_PROTOTYPES = YES;
				CLANG_WARN_SUSPICIOUS_MOVE = YES;
				CLANG_WARN_UNGUARDED_AVAILABILITY = YES_AGGRESSIVE;
				CLANG_WARN_UNREACHABLE_CODE = YES;
				CLANG_WARN__DUPLICATE_METHOD_MATCH = YES;
				COPY_PHASE_STRIP = NO;
				DEBUG_INFORMATION_FORMAT = "dwarf-with-dsym";
				ENABLE_NS_ASSERTIONS = NO;
				ENABLE_STRICT_OBJC_MSGSEND = YES;
				GCC_C_LANGUAGE_STANDARD = gnu11;
				GCC_NO_COMMON_BLOCKS = YES;
				GCC_WARN_64_TO_32_BIT_CONVERSION = YES;
				GCC_WARN_ABOUT_RETURN_TYPE = YES_ERROR;
				GCC_WARN_UNDECLARED_SELECTOR = YES;
				GCC_WARN_UNINITIALIZED_AUTOS = YES_AGGRESSIVE;
				GCC_WARN_UNUSED_FUNCTION = YES;
				GCC_WARN_UNUSED_VARIABLE = YES;
				IPHONEOS_DEPLOYMENT_TARGET = 15.2;
				MTL_ENABLE_DEBUG_INFO = NO;
				MTL_FAST_MATH = YES;
				SDKROOT = iphoneos;
				SWIFT_COMPILATION_MODE = wholemodule;
				SWIFT_OPTIMIZATION_LEVEL = "-O";
				VALIDATE_PRODUCT = YES;
			};
			name = Release;
		};
		571663AA28DC50F200FB39E7 /* Debug */ = {
			isa = XCBuildConfiguration;
			buildSettings = {
				ASSETCATALOG_COMPILER_APPICON_NAME = AppIcon;
				ASSETCATALOG_COMPILER_GLOBAL_ACCENT_COLOR_NAME = AccentColor;
				CODE_SIGN_STYLE = Automatic;
				CURRENT_PROJECT_VERSION = 1;
				DEVELOPMENT_TEAM = Z348AKSU87;
				GENERATE_INFOPLIST_FILE = YES;
				INFOPLIST_FILE = DemoAPINetworkingWithAlamofire/Info.plist;
				INFOPLIST_KEY_UIApplicationSupportsIndirectInputEvents = YES;
				INFOPLIST_KEY_UILaunchStoryboardName = LaunchScreen;
				INFOPLIST_KEY_UIMainStoryboardFile = Main;
				INFOPLIST_KEY_UISupportedInterfaceOrientations_iPad = "UIInterfaceOrientationPortrait UIInterfaceOrientationPortraitUpsideDown UIInterfaceOrientationLandscapeLeft UIInterfaceOrientationLandscapeRight";
				INFOPLIST_KEY_UISupportedInterfaceOrientations_iPhone = "UIInterfaceOrientationPortrait UIInterfaceOrientationLandscapeLeft UIInterfaceOrientationLandscapeRight";
				LD_RUNPATH_SEARCH_PATHS = (
					"$(inherited)",
					"@executable_path/Frameworks",
				);
				MARKETING_VERSION = 1.0;
				PRODUCT_BUNDLE_IDENTIFIER = com.khachuong.DemoAPINetworkingWithAlamofire;
				PRODUCT_NAME = "$(TARGET_NAME)";
				SWIFT_EMIT_LOC_STRINGS = YES;
				SWIFT_VERSION = 5.0;
				TARGETED_DEVICE_FAMILY = 1;
			};
			name = Debug;
		};
		571663AB28DC50F200FB39E7 /* Release */ = {
			isa = XCBuildConfiguration;
			buildSettings = {
				ASSETCATALOG_COMPILER_APPICON_NAME = AppIcon;
				ASSETCATALOG_COMPILER_GLOBAL_ACCENT_COLOR_NAME = AccentColor;
				CODE_SIGN_STYLE = Automatic;
				CURRENT_PROJECT_VERSION = 1;
				DEVELOPMENT_TEAM = Z348AKSU87;
				GENERATE_INFOPLIST_FILE = YES;
				INFOPLIST_FILE = DemoAPINetworkingWithAlamofire/Info.plist;
				INFOPLIST_KEY_UIApplicationSupportsIndirectInputEvents = YES;
				INFOPLIST_KEY_UILaunchStoryboardName = LaunchScreen;
				INFOPLIST_KEY_UIMainStoryboardFile = Main;
				INFOPLIST_KEY_UISupportedInterfaceOrientations_iPad = "UIInterfaceOrientationPortrait UIInterfaceOrientationPortraitUpsideDown UIInterfaceOrientationLandscapeLeft UIInterfaceOrientationLandscapeRight";
				INFOPLIST_KEY_UISupportedInterfaceOrientations_iPhone = "UIInterfaceOrientationPortrait UIInterfaceOrientationLandscapeLeft UIInterfaceOrientationLandscapeRight";
				LD_RUNPATH_SEARCH_PATHS = (
					"$(inherited)",
					"@executable_path/Frameworks",
				);
				MARKETING_VERSION = 1.0;
				PRODUCT_BUNDLE_IDENTIFIER = com.khachuong.DemoAPINetworkingWithAlamofire;
				PRODUCT_NAME = "$(TARGET_NAME)";
				SWIFT_EMIT_LOC_STRINGS = YES;
				SWIFT_VERSION = 5.0;
				TARGETED_DEVICE_FAMILY = 1;
			};
			name = Release;
		};
/* End XCBuildConfiguration section */

/* Begin XCConfigurationList section */
		5716639028DC50F100FB39E7 /* Build configuration list for PBXProject "DemoAPINetworkingWithAlamofire" */ = {
			isa = XCConfigurationList;
			buildConfigurations = (
				571663A728DC50F200FB39E7 /* Debug */,
				571663A828DC50F200FB39E7 /* Release */,
			);
			defaultConfigurationIsVisible = 0;
			defaultConfigurationName = Release;
		};
		571663A928DC50F200FB39E7 /* Build configuration list for PBXNativeTarget "DemoAPINetworkingWithAlamofire" */ = {
			isa = XCConfigurationList;
			buildConfigurations = (
				571663AA28DC50F200FB39E7 /* Debug */,
				571663AB28DC50F200FB39E7 /* Release */,
			);
			defaultConfigurationIsVisible = 0;
			defaultConfigurationName = Release;
		};
/* End XCConfigurationList section */

/* Begin XCRemoteSwiftPackageReference section */
		571663AC28DC513600FB39E7 /* XCRemoteSwiftPackageReference "Alamofire" */ = {
			isa = XCRemoteSwiftPackageReference;
			repositoryURL = "https://github.com/Alamofire/Alamofire.git";
			requirement = {
				branch = master;
				kind = branch;
			};
		};
		571663BA28DC6A4800FB39E7 /* XCRemoteSwiftPackageReference "Kingfisher" */ = {
			isa = XCRemoteSwiftPackageReference;
			repositoryURL = "https://github.com/onevcat/Kingfisher.git";
			requirement = {
				kind = upToNextMajorVersion;
				minimumVersion = 7.0.0;
			};
		};
/* End XCRemoteSwiftPackageReference section */

/* Begin XCSwiftPackageProductDependency section */
		571663AD28DC513600FB39E7 /* Alamofire */ = {
			isa = XCSwiftPackageProductDependency;
			package = 571663AC28DC513600FB39E7 /* XCRemoteSwiftPackageReference "Alamofire" */;
			productName = Alamofire;
		};
		571663BB28DC6A4800FB39E7 /* Kingfisher */ = {
			isa = XCSwiftPackageProductDependency;
			package = 571663BA28DC6A4800FB39E7 /* XCRemoteSwiftPackageReference "Kingfisher" */;
			productName = Kingfisher;
		};
/* End XCSwiftPackageProductDependency section */
	};
	rootObject = 5716638D28DC50F100FB39E7 /* Project object */;
}
