// !$*UTF8*$!
{
	archiveVersion = 1;
	classes = {
	};
	objectVersion = 55;
	objects = {

/* Begin PBXBuildFile section */
		61098D892923D55400119B0C /* Kingfisher in Frameworks */ = {isa = PBXBuildFile; productRef = 61098D882923D55400119B0C /* Kingfisher */; };
		6174953228DD7D49008774FD /* AppDelegate.swift in Sources */ = {isa = PBXBuildFile; fileRef = 6174953128DD7D49008774FD /* AppDelegate.swift */; };
		6174953428DD7D49008774FD /* SceneDelegate.swift in Sources */ = {isa = PBXBuildFile; fileRef = 6174953328DD7D49008774FD /* SceneDelegate.swift */; };
		6174953628DD7D49008774FD /* ViewController.swift in Sources */ = {isa = PBXBuildFile; fileRef = 6174953528DD7D49008774FD /* ViewController.swift */; };
		6174953928DD7D49008774FD /* Main.storyboard in Resources */ = {isa = PBXBuildFile; fileRef = 6174953728DD7D49008774FD /* Main.storyboard */; };
		6174953B28DD7D4A008774FD /* Assets.xcassets in Resources */ = {isa = PBXBuildFile; fileRef = 6174953A28DD7D4A008774FD /* Assets.xcassets */; };
		6174953E28DD7D4A008774FD /* LaunchScreen.storyboard in Resources */ = {isa = PBXBuildFile; fileRef = 6174953C28DD7D4A008774FD /* LaunchScreen.storyboard */; };
		6174954728DD7DB0008774FD /* AnimalsCategoryTableViewCell.swift in Sources */ = {isa = PBXBuildFile; fileRef = 6174954528DD7DB0008774FD /* AnimalsCategoryTableViewCell.swift */; };
		6174954828DD7DB0008774FD /* AnimalsCategoryTableViewCell.xib in Resources */ = {isa = PBXBuildFile; fileRef = 6174954628DD7DB0008774FD /* AnimalsCategoryTableViewCell.xib */; };
		6174954B28DD80A7008774FD /* Alamofire in Frameworks */ = {isa = PBXBuildFile; productRef = 6174954A28DD80A7008774FD /* Alamofire */; };
		6174954D28DD8222008774FD /* AnimalModel.swift in Sources */ = {isa = PBXBuildFile; fileRef = 6174954C28DD8222008774FD /* AnimalModel.swift */; };
		6174955028DD84DB008774FD /* Kingfisher in Frameworks */ = {isa = PBXBuildFile; productRef = 6174954F28DD84DB008774FD /* Kingfisher */; };
/* End PBXBuildFile section */

/* Begin PBXFileReference section */
		6174952E28DD7D49008774FD /* LuyenTapAPI.app */ = {isa = PBXFileReference; explicitFileType = wrapper.application; includeInIndex = 0; path = LuyenTapAPI.app; sourceTree = BUILT_PRODUCTS_DIR; };
		6174953128DD7D49008774FD /* AppDelegate.swift */ = {isa = PBXFileReference; lastKnownFileType = sourcecode.swift; path = AppDelegate.swift; sourceTree = "<group>"; };
		6174953328DD7D49008774FD /* SceneDelegate.swift */ = {isa = PBXFileReference; lastKnownFileType = sourcecode.swift; path = SceneDelegate.swift; sourceTree = "<group>"; };
		6174953528DD7D49008774FD /* ViewController.swift */ = {isa = PBXFileReference; lastKnownFileType = sourcecode.swift; path = ViewController.swift; sourceTree = "<group>"; };
		6174953828DD7D49008774FD /* Base */ = {isa = PBXFileReference; lastKnownFileType = file.storyboard; name = Base; path = Base.lproj/Main.storyboard; sourceTree = "<group>"; };
		6174953A28DD7D4A008774FD /* Assets.xcassets */ = {isa = PBXFileReference; lastKnownFileType = folder.assetcatalog; path = Assets.xcassets; sourceTree = "<group>"; };
		6174953D28DD7D4A008774FD /* Base */ = {isa = PBXFileReference; lastKnownFileType = file.storyboard; name = Base; path = Base.lproj/LaunchScreen.storyboard; sourceTree = "<group>"; };
		6174953F28DD7D4A008774FD /* Info.plist */ = {isa = PBXFileReference; lastKnownFileType = text.plist.xml; path = Info.plist; sourceTree = "<group>"; };
		6174954528DD7DB0008774FD /* AnimalsCategoryTableViewCell.swift */ = {isa = PBXFileReference; lastKnownFileType = sourcecode.swift; path = AnimalsCategoryTableViewCell.swift; sourceTree = "<group>"; };
		6174954628DD7DB0008774FD /* AnimalsCategoryTableViewCell.xib */ = {isa = PBXFileReference; lastKnownFileType = file.xib; path = AnimalsCategoryTableViewCell.xib; sourceTree = "<group>"; };
		6174954C28DD8222008774FD /* AnimalModel.swift */ = {isa = PBXFileReference; lastKnownFileType = sourcecode.swift; path = AnimalModel.swift; sourceTree = "<group>"; };
/* End PBXFileReference section */

/* Begin PBXFrameworksBuildPhase section */
		6174952B28DD7D49008774FD /* Frameworks */ = {
			isa = PBXFrameworksBuildPhase;
			buildActionMask = 2147483647;
			files = (
				61098D892923D55400119B0C /* Kingfisher in Frameworks */,
				6174955028DD84DB008774FD /* Kingfisher in Frameworks */,
				6174954B28DD80A7008774FD /* Alamofire in Frameworks */,
			);
			runOnlyForDeploymentPostprocessing = 0;
		};
/* End PBXFrameworksBuildPhase section */

/* Begin PBXGroup section */
		6174952528DD7D49008774FD = {
			isa = PBXGroup;
			children = (
				6174953028DD7D49008774FD /* LuyenTapAPI */,
				6174952F28DD7D49008774FD /* Products */,
			);
			sourceTree = "<group>";
		};
		6174952F28DD7D49008774FD /* Products */ = {
			isa = PBXGroup;
			children = (
				6174952E28DD7D49008774FD /* LuyenTapAPI.app */,
			);
			name = Products;
			sourceTree = "<group>";
		};
		6174953028DD7D49008774FD /* LuyenTapAPI */ = {
			isa = PBXGroup;
			children = (
				6174953128DD7D49008774FD /* AppDelegate.swift */,
				6174953328DD7D49008774FD /* SceneDelegate.swift */,
				6174953528DD7D49008774FD /* ViewController.swift */,
				6174953728DD7D49008774FD /* Main.storyboard */,
				6174953A28DD7D4A008774FD /* Assets.xcassets */,
				6174953C28DD7D4A008774FD /* LaunchScreen.storyboard */,
				6174953F28DD7D4A008774FD /* Info.plist */,
				6174954528DD7DB0008774FD /* AnimalsCategoryTableViewCell.swift */,
				6174954628DD7DB0008774FD /* AnimalsCategoryTableViewCell.xib */,
				6174954C28DD8222008774FD /* AnimalModel.swift */,
			);
			path = LuyenTapAPI;
			sourceTree = "<group>";
		};
/* End PBXGroup section */

/* Begin PBXNativeTarget section */
		6174952D28DD7D49008774FD /* LuyenTapAPI */ = {
			isa = PBXNativeTarget;
			buildConfigurationList = 6174954228DD7D4A008774FD /* Build configuration list for PBXNativeTarget "LuyenTapAPI" */;
			buildPhases = (
				6174952A28DD7D49008774FD /* Sources */,
				6174952B28DD7D49008774FD /* Frameworks */,
				6174952C28DD7D49008774FD /* Resources */,
			);
			buildRules = (
			);
			dependencies = (
			);
			name = LuyenTapAPI;
			packageProductDependencies = (
				6174954A28DD80A7008774FD /* Alamofire */,
				6174954F28DD84DB008774FD /* Kingfisher */,
				61098D882923D55400119B0C /* Kingfisher */,
			);
			productName = LuyenTapAPI;
			productReference = 6174952E28DD7D49008774FD /* LuyenTapAPI.app */;
			productType = "com.apple.product-type.application";
		};
/* End PBXNativeTarget section */

/* Begin PBXProject section */
		6174952628DD7D49008774FD /* Project object */ = {
			isa = PBXProject;
			attributes = {
				BuildIndependentTargetsInParallel = 1;
				LastSwiftUpdateCheck = 1340;
				LastUpgradeCheck = 1340;
				TargetAttributes = {
					6174952D28DD7D49008774FD = {
						CreatedOnToolsVersion = 13.4.1;
					};
				};
			};
			buildConfigurationList = 6174952928DD7D49008774FD /* Build configuration list for PBXProject "LuyenTapAPI" */;
			compatibilityVersion = "Xcode 13.0";
			developmentRegion = en;
			hasScannedForEncodings = 0;
			knownRegions = (
				en,
				Base,
			);
			mainGroup = 6174952528DD7D49008774FD;
			packageReferences = (
				6174954928DD80A7008774FD /* XCRemoteSwiftPackageReference "Alamofire" */,
				6174954E28DD84DB008774FD /* XCRemoteSwiftPackageReference "Kingfisher" */,
				61098D872923D55400119B0C /* XCRemoteSwiftPackageReference "Kingfisher" */,
			);
			productRefGroup = 6174952F28DD7D49008774FD /* Products */;
			projectDirPath = "";
			projectRoot = "";
			targets = (
				6174952D28DD7D49008774FD /* LuyenTapAPI */,
			);
		};
/* End PBXProject section */

/* Begin PBXResourcesBuildPhase section */
		6174952C28DD7D49008774FD /* Resources */ = {
			isa = PBXResourcesBuildPhase;
			buildActionMask = 2147483647;
			files = (
				6174953E28DD7D4A008774FD /* LaunchScreen.storyboard in Resources */,
				6174953B28DD7D4A008774FD /* Assets.xcassets in Resources */,
				6174954828DD7DB0008774FD /* AnimalsCategoryTableViewCell.xib in Resources */,
				6174953928DD7D49008774FD /* Main.storyboard in Resources */,
			);
			runOnlyForDeploymentPostprocessing = 0;
		};
/* End PBXResourcesBuildPhase section */

/* Begin PBXSourcesBuildPhase section */
		6174952A28DD7D49008774FD /* Sources */ = {
			isa = PBXSourcesBuildPhase;
			buildActionMask = 2147483647;
			files = (
				6174953628DD7D49008774FD /* ViewController.swift in Sources */,
				6174954D28DD8222008774FD /* AnimalModel.swift in Sources */,
				6174953228DD7D49008774FD /* AppDelegate.swift in Sources */,
				6174953428DD7D49008774FD /* SceneDelegate.swift in Sources */,
				6174954728DD7DB0008774FD /* AnimalsCategoryTableViewCell.swift in Sources */,
			);
			runOnlyForDeploymentPostprocessing = 0;
		};
/* End PBXSourcesBuildPhase section */

/* Begin PBXVariantGroup section */
		6174953728DD7D49008774FD /* Main.storyboard */ = {
			isa = PBXVariantGroup;
			children = (
				6174953828DD7D49008774FD /* Base */,
			);
			name = Main.storyboard;
			sourceTree = "<group>";
		};
		6174953C28DD7D4A008774FD /* LaunchScreen.storyboard */ = {
			isa = PBXVariantGroup;
			children = (
				6174953D28DD7D4A008774FD /* Base */,
			);
			name = LaunchScreen.storyboard;
			sourceTree = "<group>";
		};
/* End PBXVariantGroup section */

/* Begin XCBuildConfiguration section */
		6174954028DD7D4A008774FD /* Debug */ = {
			isa = XCBuildConfiguration;
			buildSettings = {
				ALWAYS_SEARCH_USER_PATHS = NO;
				CLANG_ANALYZER_NONNULL = YES;
				CLANG_ANALYZER_NUMBER_OBJECT_CONVERSION = YES_AGGRESSIVE;
				CLANG_CXX_LANGUAGE_STANDARD = "gnu++17";
				CLANG_ENABLE_MODULES = YES;
				CLANG_ENABLE_OBJC_ARC = YES;
				CLANG_ENABLE_OBJC_WEAK = YES;
				CLANG_WARN_BLOCK_CAPTURE_AUTORELEASING = YES;
				CLANG_WARN_BOOL_CONVERSION = YES;
				CLANG_WARN_COMMA = YES;
				CLANG_WARN_CONSTANT_CONVERSION = YES;
				CLANG_WARN_DEPRECATED_OBJC_IMPLEMENTATIONS = YES;
				CLANG_WARN_DIRECT_OBJC_ISA_USAGE = YES_ERROR;
				CLANG_WARN_DOCUMENTATION_COMMENTS = YES;
				CLANG_WARN_EMPTY_BODY = YES;
				CLANG_WARN_ENUM_CONVERSION = YES;
				CLANG_WARN_INFINITE_RECURSION = YES;
				CLANG_WARN_INT_CONVERSION = YES;
				CLANG_WARN_NON_LITERAL_NULL_CONVERSION = YES;
				CLANG_WARN_OBJC_IMPLICIT_RETAIN_SELF = YES;
				CLANG_WARN_OBJC_LITERAL_CONVERSION = YES;
				CLANG_WARN_OBJC_ROOT_CLASS = YES_ERROR;
				CLANG_WARN_QUOTED_INCLUDE_IN_FRAMEWORK_HEADER = YES;
				CLANG_WARN_RANGE_LOOP_ANALYSIS = YES;
				CLANG_WARN_STRICT_PROTOTYPES = YES;
				CLANG_WARN_SUSPICIOUS_MOVE = YES;
				CLANG_WARN_UNGUARDED_AVAILABILITY = YES_AGGRESSIVE;
				CLANG_WARN_UNREACHABLE_CODE = YES;
				CLANG_WARN__DUPLICATE_METHOD_MATCH = YES;
				COPY_PHASE_STRIP = NO;
				DEBUG_INFORMATION_FORMAT = dwarf;
				ENABLE_STRICT_OBJC_MSGSEND = YES;
				ENABLE_TESTABILITY = YES;
				GCC_C_LANGUAGE_STANDARD = gnu11;
				GCC_DYNAMIC_NO_PIC = NO;
				GCC_NO_COMMON_BLOCKS = YES;
				GCC_OPTIMIZATION_LEVEL = 0;
				GCC_PREPROCESSOR_DEFINITIONS = (
					"DEBUG=1",
					"$(inherited)",
				);
				GCC_WARN_64_TO_32_BIT_CONVERSION = YES;
				GCC_WARN_ABOUT_RETURN_TYPE = YES_ERROR;
				GCC_WARN_UNDECLARED_SELECTOR = YES;
				GCC_WARN_UNINITIALIZED_AUTOS = YES_AGGRESSIVE;
				GCC_WARN_UNUSED_FUNCTION = YES;
				GCC_WARN_UNUSED_VARIABLE = YES;
				IPHONEOS_DEPLOYMENT_TARGET = 15.5;
				MTL_ENABLE_DEBUG_INFO = INCLUDE_SOURCE;
				MTL_FAST_MATH = YES;
				ONLY_ACTIVE_ARCH = YES;
				SDKROOT = iphoneos;
				SWIFT_ACTIVE_COMPILATION_CONDITIONS = DEBUG;
				SWIFT_OPTIMIZATION_LEVEL = "-Onone";
			};
			name = Debug;
		};
		6174954128DD7D4A008774FD /* Release */ = {
			isa = XCBuildConfiguration;
			buildSettings = {
				ALWAYS_SEARCH_USER_PATHS = NO;
				CLANG_ANALYZER_NONNULL = YES;
				CLANG_ANALYZER_NUMBER_OBJECT_CONVERSION = YES_AGGRESSIVE;
				CLANG_CXX_LANGUAGE_STANDARD = "gnu++17";
				CLANG_ENABLE_MODULES = YES;
				CLANG_ENABLE_OBJC_ARC = YES;
				CLANG_ENABLE_OBJC_WEAK = YES;
				CLANG_WARN_BLOCK_CAPTURE_AUTORELEASING = YES;
				CLANG_WARN_BOOL_CONVERSION = YES;
				CLANG_WARN_COMMA = YES;
				CLANG_WARN_CONSTANT_CONVERSION = YES;
				CLANG_WARN_DEPRECATED_OBJC_IMPLEMENTATIONS = YES;
				CLANG_WARN_DIRECT_OBJC_ISA_USAGE = YES_ERROR;
				CLANG_WARN_DOCUMENTATION_COMMENTS = YES;
				CLANG_WARN_EMPTY_BODY = YES;
				CLANG_WARN_ENUM_CONVERSION = YES;
				CLANG_WARN_INFINITE_RECURSION = YES;
				CLANG_WARN_INT_CONVERSION = YES;
				CLANG_WARN_NON_LITERAL_NULL_CONVERSION = YES;
				CLANG_WARN_OBJC_IMPLICIT_RETAIN_SELF = YES;
				CLANG_WARN_OBJC_LITERAL_CONVERSION = YES;
				CLANG_WARN_OBJC_ROOT_CLASS = YES_ERROR;
				CLANG_WARN_QUOTED_INCLUDE_IN_FRAMEWORK_HEADER = YES;
				CLANG_WARN_RANGE_LOOP_ANALYSIS = YES;
				CLANG_WARN_STRICT_PROTOTYPES = YES;
				CLANG_WARN_SUSPICIOUS_MOVE = YES;
				CLANG_WARN_UNGUARDED_AVAILABILITY = YES_AGGRESSIVE;
				CLANG_WARN_UNREACHABLE_CODE = YES;
				CLANG_WARN__DUPLICATE_METHOD_MATCH = YES;
				COPY_PHASE_STRIP = NO;
				DEBUG_INFORMATION_FORMAT = "dwarf-with-dsym";
				ENABLE_NS_ASSERTIONS = NO;
				ENABLE_STRICT_OBJC_MSGSEND = YES;
				GCC_C_LANGUAGE_STANDARD = gnu11;
				GCC_NO_COMMON_BLOCKS = YES;
				GCC_WARN_64_TO_32_BIT_CONVERSION = YES;
				GCC_WARN_ABOUT_RETURN_TYPE = YES_ERROR;
				GCC_WARN_UNDECLARED_SELECTOR = YES;
				GCC_WARN_UNINITIALIZED_AUTOS = YES_AGGRESSIVE;
				GCC_WARN_UNUSED_FUNCTION = YES;
				GCC_WARN_UNUSED_VARIABLE = YES;
				IPHONEOS_DEPLOYMENT_TARGET = 15.5;
				MTL_ENABLE_DEBUG_INFO = NO;
				MTL_FAST_MATH = YES;
				SDKROOT = iphoneos;
				SWIFT_COMPILATION_MODE = wholemodule;
				SWIFT_OPTIMIZATION_LEVEL = "-O";
				VALIDATE_PRODUCT = YES;
			};
			name = Release;
		};
		6174954328DD7D4A008774FD /* Debug */ = {
			isa = XCBuildConfiguration;
			buildSettings = {
				ASSETCATALOG_COMPILER_APPICON_NAME = AppIcon;
				ASSETCATALOG_COMPILER_GLOBAL_ACCENT_COLOR_NAME = AccentColor;
				CODE_SIGN_STYLE = Automatic;
				CURRENT_PROJECT_VERSION = 1;
				DEVELOPMENT_TEAM = J6UYXFH569;
				GENERATE_INFOPLIST_FILE = YES;
				INFOPLIST_FILE = LuyenTapAPI/Info.plist;
				INFOPLIST_KEY_UIApplicationSupportsIndirectInputEvents = YES;
				INFOPLIST_KEY_UILaunchStoryboardName = LaunchScreen;
				INFOPLIST_KEY_UIMainStoryboardFile = Main;
				INFOPLIST_KEY_UISupportedInterfaceOrientations_iPad = "UIInterfaceOrientationPortrait UIInterfaceOrientationPortraitUpsideDown UIInterfaceOrientationLandscapeLeft UIInterfaceOrientationLandscapeRight";
				INFOPLIST_KEY_UISupportedInterfaceOrientations_iPhone = "UIInterfaceOrientationPortrait UIInterfaceOrientationLandscapeLeft UIInterfaceOrientationLandscapeRight";
				LD_RUNPATH_SEARCH_PATHS = (
					"$(inherited)",
					"@executable_path/Frameworks",
				);
				MARKETING_VERSION = 1.0;
				PRODUCT_BUNDLE_IDENTIFIER = ttt.phuong.LuyenTapAPI;
				PRODUCT_NAME = "$(TARGET_NAME)";
				SWIFT_EMIT_LOC_STRINGS = YES;
				SWIFT_VERSION = 5.0;
				TARGETED_DEVICE_FAMILY = "1,2";
			};
			name = Debug;
		};
		6174954428DD7D4A008774FD /* Release */ = {
			isa = XCBuildConfiguration;
			buildSettings = {
				ASSETCATALOG_COMPILER_APPICON_NAME = AppIcon;
				ASSETCATALOG_COMPILER_GLOBAL_ACCENT_COLOR_NAME = AccentColor;
				CODE_SIGN_STYLE = Automatic;
				CURRENT_PROJECT_VERSION = 1;
				DEVELOPMENT_TEAM = J6UYXFH569;
				GENERATE_INFOPLIST_FILE = YES;
				INFOPLIST_FILE = LuyenTapAPI/Info.plist;
				INFOPLIST_KEY_UIApplicationSupportsIndirectInputEvents = YES;
				INFOPLIST_KEY_UILaunchStoryboardName = LaunchScreen;
				INFOPLIST_KEY_UIMainStoryboardFile = Main;
				INFOPLIST_KEY_UISupportedInterfaceOrientations_iPad = "UIInterfaceOrientationPortrait UIInterfaceOrientationPortraitUpsideDown UIInterfaceOrientationLandscapeLeft UIInterfaceOrientationLandscapeRight";
				INFOPLIST_KEY_UISupportedInterfaceOrientations_iPhone = "UIInterfaceOrientationPortrait UIInterfaceOrientationLandscapeLeft UIInterfaceOrientationLandscapeRight";
				LD_RUNPATH_SEARCH_PATHS = (
					"$(inherited)",
					"@executable_path/Frameworks",
				);
				MARKETING_VERSION = 1.0;
				PRODUCT_BUNDLE_IDENTIFIER = ttt.phuong.LuyenTapAPI;
				PRODUCT_NAME = "$(TARGET_NAME)";
				SWIFT_EMIT_LOC_STRINGS = YES;
				SWIFT_VERSION = 5.0;
				TARGETED_DEVICE_FAMILY = "1,2";
			};
			name = Release;
		};
/* End XCBuildConfiguration section */

/* Begin XCConfigurationList section */
		6174952928DD7D49008774FD /* Build configuration list for PBXProject "LuyenTapAPI" */ = {
			isa = XCConfigurationList;
			buildConfigurations = (
				6174954028DD7D4A008774FD /* Debug */,
				6174954128DD7D4A008774FD /* Release */,
			);
			defaultConfigurationIsVisible = 0;
			defaultConfigurationName = Release;
		};
		6174954228DD7D4A008774FD /* Build configuration list for PBXNativeTarget "LuyenTapAPI" */ = {
			isa = XCConfigurationList;
			buildConfigurations = (
				6174954328DD7D4A008774FD /* Debug */,
				6174954428DD7D4A008774FD /* Release */,
			);
			defaultConfigurationIsVisible = 0;
			defaultConfigurationName = Release;
		};
/* End XCConfigurationList section */

/* Begin XCRemoteSwiftPackageReference section */
		61098D872923D55400119B0C /* XCRemoteSwiftPackageReference "Kingfisher" */ = {
			isa = XCRemoteSwiftPackageReference;
			repositoryURL = "https://github.com/onevcat/Kingfisher.git";
			requirement = {
				branch = master;
				kind = branch;
			};
		};
		6174954928DD80A7008774FD /* XCRemoteSwiftPackageReference "Alamofire" */ = {
			isa = XCRemoteSwiftPackageReference;
			repositoryURL = "https://github.com/Alamofire/Alamofire.git";
			requirement = {
				branch = master;
				kind = branch;
			};
		};
		6174954E28DD84DB008774FD /* XCRemoteSwiftPackageReference "Kingfisher" */ = {
			isa = XCRemoteSwiftPackageReference;
			repositoryURL = "https://github.com/onevcat/Kingfisher.git";
			requirement = {
				branch = master;
				kind = branch;
			};
		};
/* End XCRemoteSwiftPackageReference section */

/* Begin XCSwiftPackageProductDependency section */
		61098D882923D55400119B0C /* Kingfisher */ = {
			isa = XCSwiftPackageProductDependency;
			package = 6174954E28DD84DB008774FD /* XCRemoteSwiftPackageReference "Kingfisher" */;
			productName = Kingfisher;
		};
		6174954A28DD80A7008774FD /* Alamofire */ = {
			isa = XCSwiftPackageProductDependency;
			package = 6174954928DD80A7008774FD /* XCRemoteSwiftPackageReference "Alamofire" */;
			productName = Alamofire;
		};
		6174954F28DD84DB008774FD /* Kingfisher */ = {
			isa = XCSwiftPackageProductDependency;
			package = 6174954E28DD84DB008774FD /* XCRemoteSwiftPackageReference "Kingfisher" */;
			productName = Kingfisher;
		};
/* End XCSwiftPackageProductDependency section */
	};
	rootObject = 6174952628DD7D49008774FD /* Project object */;
}
